// !$*UTF8*$!
{
	archiveVersion = 1;
	classes = {
	};
	objectVersion = 46;
	objects = {

/* Begin PBXBuildFile section */
		4B0F81701B54A97D0077A371 /* ProfileCollectionViewController.swift in Sources */ = {isa = PBXBuildFile; fileRef = 4B0F816F1B54A97D0077A371 /* ProfileCollectionViewController.swift */; };
		4B0F81721B54A9B40077A371 /* SettingsTableViewController.swift in Sources */ = {isa = PBXBuildFile; fileRef = 4B0F81711B54A9B40077A371 /* SettingsTableViewController.swift */; };
		4B0F81811B54AFBA0077A371 /* HomeTableViewCell.swift in Sources */ = {isa = PBXBuildFile; fileRef = 4B0F81801B54AFBA0077A371 /* HomeTableViewCell.swift */; };
		4B0F81831B54B18B0077A371 /* CustomNavigationController.swift in Sources */ = {isa = PBXBuildFile; fileRef = 4B0F81821B54B18B0077A371 /* CustomNavigationController.swift */; };
		4B0F81851B54B8B80077A371 /* HomeTableViewController.swift in Sources */ = {isa = PBXBuildFile; fileRef = 4B0F81841B54B8B80077A371 /* HomeTableViewController.swift */; };
		4B0F818C1B54C1670077A371 /* MenuViewController.swift in Sources */ = {isa = PBXBuildFile; fileRef = 4B0F818B1B54C1670077A371 /* MenuViewController.swift */; };
		4BCE29E91B2E76F400B74DCA /* AppDelegate.swift in Sources */ = {isa = PBXBuildFile; fileRef = 4BCE29E81B2E76F400B74DCA /* AppDelegate.swift */; };
		4BCE29EC1B2E76F400B74DCA /* summerproject.xcdatamodeld in Sources */ = {isa = PBXBuildFile; fileRef = 4BCE29EA1B2E76F400B74DCA /* summerproject.xcdatamodeld */; };
		4BCE29F11B2E76F400B74DCA /* Main.storyboard in Resources */ = {isa = PBXBuildFile; fileRef = 4BCE29EF1B2E76F400B74DCA /* Main.storyboard */; };
		4BCE29F31B2E76F400B74DCA /* Images.xcassets in Resources */ = {isa = PBXBuildFile; fileRef = 4BCE29F21B2E76F400B74DCA /* Images.xcassets */; };
		4BCE29F61B2E76F400B74DCA /* LaunchScreen.xib in Resources */ = {isa = PBXBuildFile; fileRef = 4BCE29F41B2E76F400B74DCA /* LaunchScreen.xib */; };
		4BCE2A021B2E76F400B74DCA /* summerprojectTests.swift in Sources */ = {isa = PBXBuildFile; fileRef = 4BCE2A011B2E76F400B74DCA /* summerprojectTests.swift */; };
		5A2A13AC1B5314C300BA9535 /* Bolts.framework in Frameworks */ = {isa = PBXBuildFile; fileRef = 5A2A13AA1B5314C300BA9535 /* Bolts.framework */; };
		5A2A13AD1B5314C300BA9535 /* Parse.framework in Frameworks */ = {isa = PBXBuildFile; fileRef = 5A2A13AB1B5314C300BA9535 /* Parse.framework */; };
		5A2A13BB1B53158C00BA9535 /* Accounts.framework in Frameworks */ = {isa = PBXBuildFile; fileRef = 5A2A13AE1B53158B00BA9535 /* Accounts.framework */; };
		5A2A13BC1B53158C00BA9535 /* AudioToolbox.framework in Frameworks */ = {isa = PBXBuildFile; fileRef = 5A2A13AF1B53158B00BA9535 /* AudioToolbox.framework */; };
		5A2A13BD1B53158C00BA9535 /* CFNetwork.framework in Frameworks */ = {isa = PBXBuildFile; fileRef = 5A2A13B01B53158B00BA9535 /* CFNetwork.framework */; };
		5A2A13BE1B53158C00BA9535 /* CoreGraphics.framework in Frameworks */ = {isa = PBXBuildFile; fileRef = 5A2A13B11B53158B00BA9535 /* CoreGraphics.framework */; };
		5A2A13BF1B53158C00BA9535 /* CoreLocation.framework in Frameworks */ = {isa = PBXBuildFile; fileRef = 5A2A13B21B53158B00BA9535 /* CoreLocation.framework */; };
		5A2A13C01B53158C00BA9535 /* libsqlite3.dylib in Frameworks */ = {isa = PBXBuildFile; fileRef = 5A2A13B31B53158B00BA9535 /* libsqlite3.dylib */; };
		5A2A13C11B53158C00BA9535 /* libz.dylib in Frameworks */ = {isa = PBXBuildFile; fileRef = 5A2A13B41B53158B00BA9535 /* libz.dylib */; };
		5A2A13C21B53158C00BA9535 /* MobileCoreServices.framework in Frameworks */ = {isa = PBXBuildFile; fileRef = 5A2A13B51B53158B00BA9535 /* MobileCoreServices.framework */; };
		5A2A13C31B53158C00BA9535 /* QuartzCore.framework in Frameworks */ = {isa = PBXBuildFile; fileRef = 5A2A13B61B53158B00BA9535 /* QuartzCore.framework */; };
		5A2A13C41B53158C00BA9535 /* Security.framework in Frameworks */ = {isa = PBXBuildFile; fileRef = 5A2A13B71B53158C00BA9535 /* Security.framework */; };
		5A2A13C51B53158C00BA9535 /* Social.framework in Frameworks */ = {isa = PBXBuildFile; fileRef = 5A2A13B81B53158C00BA9535 /* Social.framework */; };
		5A2A13C61B53158C00BA9535 /* StoreKit.framework in Frameworks */ = {isa = PBXBuildFile; fileRef = 5A2A13B91B53158C00BA9535 /* StoreKit.framework */; };
		5A2A13C71B53158C00BA9535 /* SystemConfiguration.framework in Frameworks */ = {isa = PBXBuildFile; fileRef = 5A2A13BA1B53158C00BA9535 /* SystemConfiguration.framework */; };
		5A2A2A321B54C6F400C3A024 /* UserProtocol.swift in Sources */ = {isa = PBXBuildFile; fileRef = 5A2A2A311B54C6F400C3A024 /* UserProtocol.swift */; };
		5A2A2A341B54C76200C3A024 /* User.swift in Sources */ = {isa = PBXBuildFile; fileRef = 5A2A2A331B54C76200C3A024 /* User.swift */; };
		5A2A2A361B54C7B400C3A024 /* Profile.swift in Sources */ = {isa = PBXBuildFile; fileRef = 5A2A2A351B54C7B400C3A024 /* Profile.swift */; };
		5A2A2A381B54C97800C3A024 /* ReviewsProtocol.swift in Sources */ = {isa = PBXBuildFile; fileRef = 5A2A2A371B54C97800C3A024 /* ReviewsProtocol.swift */; };
		5A2A2A3D1B54CAA600C3A024 /* Reviews.swift in Sources */ = {isa = PBXBuildFile; fileRef = 5A2A2A3C1B54CAA600C3A024 /* Reviews.swift */; };
		5A2A2A3F1B54CC0100C3A024 /* SettingsProtocol.swift in Sources */ = {isa = PBXBuildFile; fileRef = 5A2A2A3E1B54CC0100C3A024 /* SettingsProtocol.swift */; };
		5A2A2A411B54CC0A00C3A024 /* Settings.swift in Sources */ = {isa = PBXBuildFile; fileRef = 5A2A2A401B54CC0A00C3A024 /* Settings.swift */; };
		5A6072A31B534201008D9C5A /* ProfileProtocol.swift in Sources */ = {isa = PBXBuildFile; fileRef = 5A6072A21B534201008D9C5A /* ProfileProtocol.swift */; };
		5A6E566E1B5372E3006438BC /* LoginViewController.swift in Sources */ = {isa = PBXBuildFile; fileRef = 5A6E566D1B5372E3006438BC /* LoginViewController.swift */; };
		5A6E56701B53730F006438BC /* SignUpViewController.swift in Sources */ = {isa = PBXBuildFile; fileRef = 5A6E566F1B53730F006438BC /* SignUpViewController.swift */; };
		5A6E56721B5377BF006438BC /* Tutorial1ViewController.swift in Sources */ = {isa = PBXBuildFile; fileRef = 5A6E56711B5377BF006438BC /* Tutorial1ViewController.swift */; };
		5A6E56741B5377DB006438BC /* Tutorial2ViewController.swift in Sources */ = {isa = PBXBuildFile; fileRef = 5A6E56731B5377DB006438BC /* Tutorial2ViewController.swift */; };
		5A6E56771B537806006438BC /* Tutorial3ViewController.swift in Sources */ = {isa = PBXBuildFile; fileRef = 5A6E56761B537806006438BC /* Tutorial3ViewController.swift */; };
		5A6E56791B53781F006438BC /* Tutorial4ViewController.swift in Sources */ = {isa = PBXBuildFile; fileRef = 5A6E56781B53781F006438BC /* Tutorial4ViewController.swift */; };
/* End PBXBuildFile section */

/* Begin PBXContainerItemProxy section */
		4BCE29FC1B2E76F400B74DCA /* PBXContainerItemProxy */ = {
			isa = PBXContainerItemProxy;
			containerPortal = 4BCE29DB1B2E76F300B74DCA /* Project object */;
			proxyType = 1;
			remoteGlobalIDString = 4BCE29E21B2E76F400B74DCA;
			remoteInfo = summerproject;
		};
/* End PBXContainerItemProxy section */

/* Begin PBXFileReference section */
		4B0F816F1B54A97D0077A371 /* ProfileCollectionViewController.swift */ = {isa = PBXFileReference; fileEncoding = 4; lastKnownFileType = sourcecode.swift; path = ProfileCollectionViewController.swift; sourceTree = "<group>"; };
		4B0F81711B54A9B40077A371 /* SettingsTableViewController.swift */ = {isa = PBXFileReference; fileEncoding = 4; lastKnownFileType = sourcecode.swift; path = SettingsTableViewController.swift; sourceTree = "<group>"; };
		4B0F81801B54AFBA0077A371 /* HomeTableViewCell.swift */ = {isa = PBXFileReference; fileEncoding = 4; lastKnownFileType = sourcecode.swift; path = HomeTableViewCell.swift; sourceTree = "<group>"; };
		4B0F81821B54B18B0077A371 /* CustomNavigationController.swift */ = {isa = PBXFileReference; fileEncoding = 4; lastKnownFileType = sourcecode.swift; path = CustomNavigationController.swift; sourceTree = "<group>"; };
		4B0F81841B54B8B80077A371 /* HomeTableViewController.swift */ = {isa = PBXFileReference; fileEncoding = 4; lastKnownFileType = sourcecode.swift; path = HomeTableViewController.swift; sourceTree = "<group>"; };
		4B0F818A1B54BF110077A371 /* summerproject-Bridging-Header.h */ = {isa = PBXFileReference; fileEncoding = 4; lastKnownFileType = sourcecode.c.h; name = "summerproject-Bridging-Header.h"; path = "Controllers/summerproject-Bridging-Header.h"; sourceTree = "<group>"; };
		4B0F818B1B54C1670077A371 /* MenuViewController.swift */ = {isa = PBXFileReference; fileEncoding = 4; lastKnownFileType = sourcecode.swift; path = MenuViewController.swift; sourceTree = "<group>"; };
		4BCE29E31B2E76F400B74DCA /* summerproject.app */ = {isa = PBXFileReference; explicitFileType = wrapper.application; includeInIndex = 0; path = summerproject.app; sourceTree = BUILT_PRODUCTS_DIR; };
		4BCE29E71B2E76F400B74DCA /* Info.plist */ = {isa = PBXFileReference; lastKnownFileType = text.plist.xml; path = Info.plist; sourceTree = "<group>"; };
		4BCE29E81B2E76F400B74DCA /* AppDelegate.swift */ = {isa = PBXFileReference; lastKnownFileType = sourcecode.swift; path = AppDelegate.swift; sourceTree = "<group>"; };
		4BCE29EB1B2E76F400B74DCA /* summerproject.xcdatamodel */ = {isa = PBXFileReference; lastKnownFileType = wrapper.xcdatamodel; path = summerproject.xcdatamodel; sourceTree = "<group>"; };
		4BCE29F01B2E76F400B74DCA /* Base */ = {isa = PBXFileReference; lastKnownFileType = file.storyboard; name = Base; path = Base.lproj/Main.storyboard; sourceTree = "<group>"; };
		4BCE29F21B2E76F400B74DCA /* Images.xcassets */ = {isa = PBXFileReference; lastKnownFileType = folder.assetcatalog; path = Images.xcassets; sourceTree = "<group>"; };
		4BCE29F51B2E76F400B74DCA /* Base */ = {isa = PBXFileReference; lastKnownFileType = file.xib; name = Base; path = Base.lproj/LaunchScreen.xib; sourceTree = "<group>"; };
		4BCE29FB1B2E76F400B74DCA /* summerprojectTests.xctest */ = {isa = PBXFileReference; explicitFileType = wrapper.cfbundle; includeInIndex = 0; path = summerprojectTests.xctest; sourceTree = BUILT_PRODUCTS_DIR; };
		4BCE2A001B2E76F400B74DCA /* Info.plist */ = {isa = PBXFileReference; lastKnownFileType = text.plist.xml; path = Info.plist; sourceTree = "<group>"; };
		4BCE2A011B2E76F400B74DCA /* summerprojectTests.swift */ = {isa = PBXFileReference; lastKnownFileType = sourcecode.swift; path = summerprojectTests.swift; sourceTree = "<group>"; };
		5A2A13AA1B5314C300BA9535 /* Bolts.framework */ = {isa = PBXFileReference; lastKnownFileType = wrapper.framework; path = Bolts.framework; sourceTree = "<group>"; };
		5A2A13AB1B5314C300BA9535 /* Parse.framework */ = {isa = PBXFileReference; lastKnownFileType = wrapper.framework; path = Parse.framework; sourceTree = "<group>"; };
		5A2A13AE1B53158B00BA9535 /* Accounts.framework */ = {isa = PBXFileReference; lastKnownFileType = wrapper.framework; name = Accounts.framework; path = System/Library/Frameworks/Accounts.framework; sourceTree = SDKROOT; };
		5A2A13AF1B53158B00BA9535 /* AudioToolbox.framework */ = {isa = PBXFileReference; lastKnownFileType = wrapper.framework; name = AudioToolbox.framework; path = System/Library/Frameworks/AudioToolbox.framework; sourceTree = SDKROOT; };
		5A2A13B01B53158B00BA9535 /* CFNetwork.framework */ = {isa = PBXFileReference; lastKnownFileType = wrapper.framework; name = CFNetwork.framework; path = System/Library/Frameworks/CFNetwork.framework; sourceTree = SDKROOT; };
		5A2A13B11B53158B00BA9535 /* CoreGraphics.framework */ = {isa = PBXFileReference; lastKnownFileType = wrapper.framework; name = CoreGraphics.framework; path = System/Library/Frameworks/CoreGraphics.framework; sourceTree = SDKROOT; };
		5A2A13B21B53158B00BA9535 /* CoreLocation.framework */ = {isa = PBXFileReference; lastKnownFileType = wrapper.framework; name = CoreLocation.framework; path = System/Library/Frameworks/CoreLocation.framework; sourceTree = SDKROOT; };
		5A2A13B31B53158B00BA9535 /* libsqlite3.dylib */ = {isa = PBXFileReference; lastKnownFileType = "compiled.mach-o.dylib"; name = libsqlite3.dylib; path = usr/lib/libsqlite3.dylib; sourceTree = SDKROOT; };
		5A2A13B41B53158B00BA9535 /* libz.dylib */ = {isa = PBXFileReference; lastKnownFileType = "compiled.mach-o.dylib"; name = libz.dylib; path = usr/lib/libz.dylib; sourceTree = SDKROOT; };
		5A2A13B51B53158B00BA9535 /* MobileCoreServices.framework */ = {isa = PBXFileReference; lastKnownFileType = wrapper.framework; name = MobileCoreServices.framework; path = System/Library/Frameworks/MobileCoreServices.framework; sourceTree = SDKROOT; };
		5A2A13B61B53158B00BA9535 /* QuartzCore.framework */ = {isa = PBXFileReference; lastKnownFileType = wrapper.framework; name = QuartzCore.framework; path = System/Library/Frameworks/QuartzCore.framework; sourceTree = SDKROOT; };
		5A2A13B71B53158C00BA9535 /* Security.framework */ = {isa = PBXFileReference; lastKnownFileType = wrapper.framework; name = Security.framework; path = System/Library/Frameworks/Security.framework; sourceTree = SDKROOT; };
		5A2A13B81B53158C00BA9535 /* Social.framework */ = {isa = PBXFileReference; lastKnownFileType = wrapper.framework; name = Social.framework; path = System/Library/Frameworks/Social.framework; sourceTree = SDKROOT; };
		5A2A13B91B53158C00BA9535 /* StoreKit.framework */ = {isa = PBXFileReference; lastKnownFileType = wrapper.framework; name = StoreKit.framework; path = System/Library/Frameworks/StoreKit.framework; sourceTree = SDKROOT; };
		5A2A13BA1B53158C00BA9535 /* SystemConfiguration.framework */ = {isa = PBXFileReference; lastKnownFileType = wrapper.framework; name = SystemConfiguration.framework; path = System/Library/Frameworks/SystemConfiguration.framework; sourceTree = SDKROOT; };
		5A2A2A311B54C6F400C3A024 /* UserProtocol.swift */ = {isa = PBXFileReference; fileEncoding = 4; lastKnownFileType = sourcecode.swift; path = UserProtocol.swift; sourceTree = "<group>"; };
		5A2A2A331B54C76200C3A024 /* User.swift */ = {isa = PBXFileReference; fileEncoding = 4; lastKnownFileType = sourcecode.swift; path = User.swift; sourceTree = "<group>"; };
		5A2A2A351B54C7B400C3A024 /* Profile.swift */ = {isa = PBXFileReference; fileEncoding = 4; lastKnownFileType = sourcecode.swift; path = Profile.swift; sourceTree = "<group>"; };
		5A2A2A371B54C97800C3A024 /* ReviewsProtocol.swift */ = {isa = PBXFileReference; fileEncoding = 4; lastKnownFileType = sourcecode.swift; name = ReviewsProtocol.swift; path = Reviews/ReviewsProtocol.swift; sourceTree = "<group>"; };
		5A2A2A3C1B54CAA600C3A024 /* Reviews.swift */ = {isa = PBXFileReference; fileEncoding = 4; lastKnownFileType = sourcecode.swift; name = Reviews.swift; path = Reviews/Reviews.swift; sourceTree = "<group>"; };
		5A2A2A3E1B54CC0100C3A024 /* SettingsProtocol.swift */ = {isa = PBXFileReference; fileEncoding = 4; lastKnownFileType = sourcecode.swift; name = SettingsProtocol.swift; path = Settings/SettingsProtocol.swift; sourceTree = "<group>"; };
		5A2A2A401B54CC0A00C3A024 /* Settings.swift */ = {isa = PBXFileReference; fileEncoding = 4; lastKnownFileType = sourcecode.swift; name = Settings.swift; path = Settings/Settings.swift; sourceTree = "<group>"; };
		5A6072A21B534201008D9C5A /* ProfileProtocol.swift */ = {isa = PBXFileReference; fileEncoding = 4; lastKnownFileType = sourcecode.swift; path = ProfileProtocol.swift; sourceTree = "<group>"; };
		5A6E566D1B5372E3006438BC /* LoginViewController.swift */ = {isa = PBXFileReference; fileEncoding = 4; lastKnownFileType = sourcecode.swift; path = LoginViewController.swift; sourceTree = "<group>"; };
		5A6E566F1B53730F006438BC /* SignUpViewController.swift */ = {isa = PBXFileReference; fileEncoding = 4; lastKnownFileType = sourcecode.swift; path = SignUpViewController.swift; sourceTree = "<group>"; };
		5A6E56711B5377BF006438BC /* Tutorial1ViewController.swift */ = {isa = PBXFileReference; fileEncoding = 4; lastKnownFileType = sourcecode.swift; name = Tutorial1ViewController.swift; path = Tutorial/Tutorial1ViewController.swift; sourceTree = "<group>"; };
		5A6E56731B5377DB006438BC /* Tutorial2ViewController.swift */ = {isa = PBXFileReference; fileEncoding = 4; lastKnownFileType = sourcecode.swift; name = Tutorial2ViewController.swift; path = Tutorial/Tutorial2ViewController.swift; sourceTree = "<group>"; };
		5A6E56761B537806006438BC /* Tutorial3ViewController.swift */ = {isa = PBXFileReference; fileEncoding = 4; lastKnownFileType = sourcecode.swift; name = Tutorial3ViewController.swift; path = Tutorial/Tutorial3ViewController.swift; sourceTree = "<group>"; };
		5A6E56781B53781F006438BC /* Tutorial4ViewController.swift */ = {isa = PBXFileReference; fileEncoding = 4; lastKnownFileType = sourcecode.swift; name = Tutorial4ViewController.swift; path = Tutorial/Tutorial4ViewController.swift; sourceTree = "<group>"; };
/* End PBXFileReference section */

/* Begin PBXFrameworksBuildPhase section */
		4BCE29E01B2E76F400B74DCA /* Frameworks */ = {
			isa = PBXFrameworksBuildPhase;
			buildActionMask = 2147483647;
			files = (
				5A2A13BB1B53158C00BA9535 /* Accounts.framework in Frameworks */,
				5A2A13BC1B53158C00BA9535 /* AudioToolbox.framework in Frameworks */,
				5A2A13BD1B53158C00BA9535 /* CFNetwork.framework in Frameworks */,
				5A2A13BE1B53158C00BA9535 /* CoreGraphics.framework in Frameworks */,
				5A2A13BF1B53158C00BA9535 /* CoreLocation.framework in Frameworks */,
				5A2A13C01B53158C00BA9535 /* libsqlite3.dylib in Frameworks */,
				5A2A13C11B53158C00BA9535 /* libz.dylib in Frameworks */,
				5A2A13C21B53158C00BA9535 /* MobileCoreServices.framework in Frameworks */,
				5A2A13C31B53158C00BA9535 /* QuartzCore.framework in Frameworks */,
				5A2A13C41B53158C00BA9535 /* Security.framework in Frameworks */,
				5A2A13C51B53158C00BA9535 /* Social.framework in Frameworks */,
				5A2A13C61B53158C00BA9535 /* StoreKit.framework in Frameworks */,
				5A2A13C71B53158C00BA9535 /* SystemConfiguration.framework in Frameworks */,
				5A2A13AD1B5314C300BA9535 /* Parse.framework in Frameworks */,
				5A2A13AC1B5314C300BA9535 /* Bolts.framework in Frameworks */,
			);
			runOnlyForDeploymentPostprocessing = 0;
		};
		4BCE29F81B2E76F400B74DCA /* Frameworks */ = {
			isa = PBXFrameworksBuildPhase;
			buildActionMask = 2147483647;
			files = (
			);
			runOnlyForDeploymentPostprocessing = 0;
		};
/* End PBXFrameworksBuildPhase section */

/* Begin PBXGroup section */
		4BCE29DA1B2E76F300B74DCA = {
			isa = PBXGroup;
			children = (
				5A2A13A91B5314AB00BA9535 /* Frameworks */,
				4BCE29E51B2E76F400B74DCA /* summerproject */,
				4BCE29FE1B2E76F400B74DCA /* summerprojectTests */,
				4BCE29E41B2E76F400B74DCA /* Products */,
			);
			sourceTree = "<group>";
		};
		4BCE29E41B2E76F400B74DCA /* Products */ = {
			isa = PBXGroup;
			children = (
				4BCE29E31B2E76F400B74DCA /* summerproject.app */,
				4BCE29FB1B2E76F400B74DCA /* summerprojectTests.xctest */,
			);
			name = Products;
			sourceTree = "<group>";
		};
		4BCE29E51B2E76F400B74DCA /* summerproject */ = {
			isa = PBXGroup;
			children = (
				5A60729C1B53405D008D9C5A /* Controllers */,
				5A60729E1B53405D008D9C5A /* Models */,
				4BCE29E81B2E76F400B74DCA /* AppDelegate.swift */,
				4BCE29EF1B2E76F400B74DCA /* Main.storyboard */,
				4BCE29E61B2E76F400B74DCA /* Supporting Files */,
			);
			path = summerproject;
			sourceTree = "<group>";
		};
		4BCE29E61B2E76F400B74DCA /* Supporting Files */ = {
			isa = PBXGroup;
			children = (
				4B0F818A1B54BF110077A371 /* summerproject-Bridging-Header.h */,
				4BCE29F21B2E76F400B74DCA /* Images.xcassets */,
				4BCE29F41B2E76F400B74DCA /* LaunchScreen.xib */,
				4BCE29EA1B2E76F400B74DCA /* summerproject.xcdatamodeld */,
				4BCE29E71B2E76F400B74DCA /* Info.plist */,
			);
			name = "Supporting Files";
			sourceTree = "<group>";
		};
		4BCE29FE1B2E76F400B74DCA /* summerprojectTests */ = {
			isa = PBXGroup;
			children = (
				4BCE2A011B2E76F400B74DCA /* summerprojectTests.swift */,
				4BCE29FF1B2E76F400B74DCA /* Supporting Files */,
			);
			path = summerprojectTests;
			sourceTree = "<group>";
		};
		4BCE29FF1B2E76F400B74DCA /* Supporting Files */ = {
			isa = PBXGroup;
			children = (
				4BCE2A001B2E76F400B74DCA /* Info.plist */,
			);
			name = "Supporting Files";
			sourceTree = "<group>";
		};
		5A2A13A91B5314AB00BA9535 /* Frameworks */ = {
			isa = PBXGroup;
			children = (
				5A2A13AE1B53158B00BA9535 /* Accounts.framework */,
				5A2A13AF1B53158B00BA9535 /* AudioToolbox.framework */,
				5A2A13B01B53158B00BA9535 /* CFNetwork.framework */,
				5A2A13B11B53158B00BA9535 /* CoreGraphics.framework */,
				5A2A13B21B53158B00BA9535 /* CoreLocation.framework */,
				5A2A13B31B53158B00BA9535 /* libsqlite3.dylib */,
				5A2A13B41B53158B00BA9535 /* libz.dylib */,
				5A2A13B51B53158B00BA9535 /* MobileCoreServices.framework */,
				5A2A13B61B53158B00BA9535 /* QuartzCore.framework */,
				5A2A13B71B53158C00BA9535 /* Security.framework */,
				5A2A13B81B53158C00BA9535 /* Social.framework */,
				5A2A13B91B53158C00BA9535 /* StoreKit.framework */,
				5A2A13BA1B53158C00BA9535 /* SystemConfiguration.framework */,
				5A2A13AA1B5314C300BA9535 /* Bolts.framework */,
				5A2A13AB1B5314C300BA9535 /* Parse.framework */,
			);
			name = Frameworks;
			sourceTree = "<group>";
		};
		5A2A2A391B54C97E00C3A024 /* Reviews */ = {
			isa = PBXGroup;
			children = (
				5A2A2A371B54C97800C3A024 /* ReviewsProtocol.swift */,
				5A2A2A3C1B54CAA600C3A024 /* Reviews.swift */,
			);
			name = Reviews;
			sourceTree = "<group>";
		};
		5A2A2A3A1B54C98700C3A024 /* Profile */ = {
			isa = PBXGroup;
			children = (
				5A6072A21B534201008D9C5A /* ProfileProtocol.swift */,
				5A2A2A351B54C7B400C3A024 /* Profile.swift */,
			);
			name = Profile;
			sourceTree = "<group>";
		};
		5A2A2A3B1B54C99900C3A024 /* User */ = {
			isa = PBXGroup;
			children = (
				5A2A2A311B54C6F400C3A024 /* UserProtocol.swift */,
				5A2A2A331B54C76200C3A024 /* User.swift */,
			);
			name = User;
			sourceTree = "<group>";
		};
		5A2A2A421B54CC2200C3A024 /* Settings */ = {
			isa = PBXGroup;
			children = (
				5A2A2A3E1B54CC0100C3A024 /* SettingsProtocol.swift */,
				5A2A2A401B54CC0A00C3A024 /* Settings.swift */,
			);
			name = Settings;
			sourceTree = "<group>";
		};
		5A60729C1B53405D008D9C5A /* Controllers */ = {
			isa = PBXGroup;
			children = (
				5A6E56751B5377EB006438BC /* Tutorial */,
				5A6E566D1B5372E3006438BC /* LoginViewController.swift */,
				5A6E566F1B53730F006438BC /* SignUpViewController.swift */,
				4B0F81841B54B8B80077A371 /* HomeTableViewController.swift */,
				4B0F81801B54AFBA0077A371 /* HomeTableViewCell.swift */,
				4B0F816F1B54A97D0077A371 /* ProfileCollectionViewController.swift */,
				4B0F81711B54A9B40077A371 /* SettingsTableViewController.swift */,
				4B0F81821B54B18B0077A371 /* CustomNavigationController.swift */,
				4B0F818B1B54C1670077A371 /* MenuViewController.swift */,
			);
			path = Controllers;
			sourceTree = "<group>";
		};
		5A60729E1B53405D008D9C5A /* Models */ = {
			isa = PBXGroup;
			children = (
				5A2A2A421B54CC2200C3A024 /* Settings */,
				5A2A2A3B1B54C99900C3A024 /* User */,
				5A2A2A3A1B54C98700C3A024 /* Profile */,
				5A2A2A391B54C97E00C3A024 /* Reviews */,
			);
			path = Models;
			sourceTree = "<group>";
		};
		5A6E56751B5377EB006438BC /* Tutorial */ = {
			isa = PBXGroup;
			children = (
				5A6E56711B5377BF006438BC /* Tutorial1ViewController.swift */,
				5A6E56731B5377DB006438BC /* Tutorial2ViewController.swift */,
				5A6E56761B537806006438BC /* Tutorial3ViewController.swift */,
				5A6E56781B53781F006438BC /* Tutorial4ViewController.swift */,
			);
			name = Tutorial;
			sourceTree = "<group>";
		};
/* End PBXGroup section */

/* Begin PBXNativeTarget section */
		4BCE29E21B2E76F400B74DCA /* summerproject */ = {
			isa = PBXNativeTarget;
			buildConfigurationList = 4BCE2A051B2E76F400B74DCA /* Build configuration list for PBXNativeTarget "summerproject" */;
			buildPhases = (
				4BCE29DF1B2E76F400B74DCA /* Sources */,
				4BCE29E01B2E76F400B74DCA /* Frameworks */,
				4BCE29E11B2E76F400B74DCA /* Resources */,
			);
			buildRules = (
			);
			dependencies = (
			);
			name = summerproject;
			productName = summerproject;
			productReference = 4BCE29E31B2E76F400B74DCA /* summerproject.app */;
			productType = "com.apple.product-type.application";
		};
		4BCE29FA1B2E76F400B74DCA /* summerprojectTests */ = {
			isa = PBXNativeTarget;
			buildConfigurationList = 4BCE2A081B2E76F400B74DCA /* Build configuration list for PBXNativeTarget "summerprojectTests" */;
			buildPhases = (
				4BCE29F71B2E76F400B74DCA /* Sources */,
				4BCE29F81B2E76F400B74DCA /* Frameworks */,
				4BCE29F91B2E76F400B74DCA /* Resources */,
			);
			buildRules = (
			);
			dependencies = (
				4BCE29FD1B2E76F400B74DCA /* PBXTargetDependency */,
			);
			name = summerprojectTests;
			productName = summerprojectTests;
			productReference = 4BCE29FB1B2E76F400B74DCA /* summerprojectTests.xctest */;
			productType = "com.apple.product-type.bundle.unit-test";
		};
/* End PBXNativeTarget section */

/* Begin PBXProject section */
		4BCE29DB1B2E76F300B74DCA /* Project object */ = {
			isa = PBXProject;
			attributes = {
				LastUpgradeCheck = 0630;
				ORGANIZATIONNAME = "Stanford University";
				TargetAttributes = {
					4BCE29E21B2E76F400B74DCA = {
						CreatedOnToolsVersion = 6.3.2;
					};
					4BCE29FA1B2E76F400B74DCA = {
						CreatedOnToolsVersion = 6.3.2;
						TestTargetID = 4BCE29E21B2E76F400B74DCA;
					};
				};
			};
			buildConfigurationList = 4BCE29DE1B2E76F400B74DCA /* Build configuration list for PBXProject "summerproject" */;
			compatibilityVersion = "Xcode 3.2";
			developmentRegion = English;
			hasScannedForEncodings = 0;
			knownRegions = (
				en,
				Base,
			);
			mainGroup = 4BCE29DA1B2E76F300B74DCA;
			productRefGroup = 4BCE29E41B2E76F400B74DCA /* Products */;
			projectDirPath = "";
			projectRoot = "";
			targets = (
				4BCE29E21B2E76F400B74DCA /* summerproject */,
				4BCE29FA1B2E76F400B74DCA /* summerprojectTests */,
			);
		};
/* End PBXProject section */

/* Begin PBXResourcesBuildPhase section */
		4BCE29E11B2E76F400B74DCA /* Resources */ = {
			isa = PBXResourcesBuildPhase;
			buildActionMask = 2147483647;
			files = (
				4BCE29F11B2E76F400B74DCA /* Main.storyboard in Resources */,
				4BCE29F61B2E76F400B74DCA /* LaunchScreen.xib in Resources */,
				4BCE29F31B2E76F400B74DCA /* Images.xcassets in Resources */,
			);
			runOnlyForDeploymentPostprocessing = 0;
		};
		4BCE29F91B2E76F400B74DCA /* Resources */ = {
			isa = PBXResourcesBuildPhase;
			buildActionMask = 2147483647;
			files = (
			);
			runOnlyForDeploymentPostprocessing = 0;
		};
/* End PBXResourcesBuildPhase section */

/* Begin PBXSourcesBuildPhase section */
		4BCE29DF1B2E76F400B74DCA /* Sources */ = {
			isa = PBXSourcesBuildPhase;
			buildActionMask = 2147483647;
			files = (
				5A2A2A3F1B54CC0100C3A024 /* SettingsProtocol.swift in Sources */,
				5A6E56791B53781F006438BC /* Tutorial4ViewController.swift in Sources */,
<<<<<<< HEAD
				4B0F818C1B54C1670077A371 /* MenuViewController.swift in Sources */,
				4B0F81721B54A9B40077A371 /* SettingsTableViewController.swift in Sources */,
=======
				5A2A2A361B54C7B400C3A024 /* Profile.swift in Sources */,
>>>>>>> a2003107a4e5e94b89d1cbe25e557d8081fa929e
				5A6E566E1B5372E3006438BC /* LoginViewController.swift in Sources */,
				5A6E56701B53730F006438BC /* SignUpViewController.swift in Sources */,
				4B0F81701B54A97D0077A371 /* ProfileCollectionViewController.swift in Sources */,
				4B0F81811B54AFBA0077A371 /* HomeTableViewCell.swift in Sources */,
				4BCE29EC1B2E76F400B74DCA /* summerproject.xcdatamodeld in Sources */,
<<<<<<< HEAD
				4B0F81851B54B8B80077A371 /* HomeTableViewController.swift in Sources */,
				4B0F81831B54B18B0077A371 /* CustomNavigationController.swift in Sources */,
				5A6072A31B534201008D9C5A /* UserProfile.swift in Sources */,
=======
				5A6072A31B534201008D9C5A /* ProfileProtocol.swift in Sources */,
>>>>>>> a2003107a4e5e94b89d1cbe25e557d8081fa929e
				5A6E56721B5377BF006438BC /* Tutorial1ViewController.swift in Sources */,
				4BCE29E91B2E76F400B74DCA /* AppDelegate.swift in Sources */,
				5A6E56771B537806006438BC /* Tutorial3ViewController.swift in Sources */,
				5A2A2A411B54CC0A00C3A024 /* Settings.swift in Sources */,
				5A2A2A321B54C6F400C3A024 /* UserProtocol.swift in Sources */,
				5A2A2A381B54C97800C3A024 /* ReviewsProtocol.swift in Sources */,
				5A6E56741B5377DB006438BC /* Tutorial2ViewController.swift in Sources */,
				5A2A2A341B54C76200C3A024 /* User.swift in Sources */,
				5A2A2A3D1B54CAA600C3A024 /* Reviews.swift in Sources */,
			);
			runOnlyForDeploymentPostprocessing = 0;
		};
		4BCE29F71B2E76F400B74DCA /* Sources */ = {
			isa = PBXSourcesBuildPhase;
			buildActionMask = 2147483647;
			files = (
				4BCE2A021B2E76F400B74DCA /* summerprojectTests.swift in Sources */,
			);
			runOnlyForDeploymentPostprocessing = 0;
		};
/* End PBXSourcesBuildPhase section */

/* Begin PBXTargetDependency section */
		4BCE29FD1B2E76F400B74DCA /* PBXTargetDependency */ = {
			isa = PBXTargetDependency;
			target = 4BCE29E21B2E76F400B74DCA /* summerproject */;
			targetProxy = 4BCE29FC1B2E76F400B74DCA /* PBXContainerItemProxy */;
		};
/* End PBXTargetDependency section */

/* Begin PBXVariantGroup section */
		4BCE29EF1B2E76F400B74DCA /* Main.storyboard */ = {
			isa = PBXVariantGroup;
			children = (
				4BCE29F01B2E76F400B74DCA /* Base */,
			);
			name = Main.storyboard;
			sourceTree = "<group>";
		};
		4BCE29F41B2E76F400B74DCA /* LaunchScreen.xib */ = {
			isa = PBXVariantGroup;
			children = (
				4BCE29F51B2E76F400B74DCA /* Base */,
			);
			name = LaunchScreen.xib;
			sourceTree = "<group>";
		};
/* End PBXVariantGroup section */

/* Begin XCBuildConfiguration section */
		4BCE2A031B2E76F400B74DCA /* Debug */ = {
			isa = XCBuildConfiguration;
			buildSettings = {
				ALWAYS_SEARCH_USER_PATHS = NO;
				CLANG_CXX_LANGUAGE_STANDARD = "gnu++0x";
				CLANG_CXX_LIBRARY = "libc++";
				CLANG_ENABLE_MODULES = YES;
				CLANG_ENABLE_OBJC_ARC = YES;
				CLANG_WARN_BOOL_CONVERSION = YES;
				CLANG_WARN_CONSTANT_CONVERSION = YES;
				CLANG_WARN_DIRECT_OBJC_ISA_USAGE = YES_ERROR;
				CLANG_WARN_EMPTY_BODY = YES;
				CLANG_WARN_ENUM_CONVERSION = YES;
				CLANG_WARN_INT_CONVERSION = YES;
				CLANG_WARN_OBJC_ROOT_CLASS = YES_ERROR;
				CLANG_WARN_UNREACHABLE_CODE = YES;
				CLANG_WARN__DUPLICATE_METHOD_MATCH = YES;
				"CODE_SIGN_IDENTITY[sdk=iphoneos*]" = "iPhone Developer";
				COPY_PHASE_STRIP = NO;
				DEBUG_INFORMATION_FORMAT = "dwarf-with-dsym";
				ENABLE_STRICT_OBJC_MSGSEND = YES;
				GCC_C_LANGUAGE_STANDARD = gnu99;
				GCC_DYNAMIC_NO_PIC = NO;
				GCC_NO_COMMON_BLOCKS = YES;
				GCC_OPTIMIZATION_LEVEL = 0;
				GCC_PREPROCESSOR_DEFINITIONS = (
					"DEBUG=1",
					"$(inherited)",
				);
				GCC_SYMBOLS_PRIVATE_EXTERN = NO;
				GCC_WARN_64_TO_32_BIT_CONVERSION = YES;
				GCC_WARN_ABOUT_RETURN_TYPE = YES_ERROR;
				GCC_WARN_UNDECLARED_SELECTOR = YES;
				GCC_WARN_UNINITIALIZED_AUTOS = YES_AGGRESSIVE;
				GCC_WARN_UNUSED_FUNCTION = YES;
				GCC_WARN_UNUSED_VARIABLE = YES;
				IPHONEOS_DEPLOYMENT_TARGET = 8.3;
				MTL_ENABLE_DEBUG_INFO = YES;
				ONLY_ACTIVE_ARCH = YES;
				SDKROOT = iphoneos;
				SWIFT_OPTIMIZATION_LEVEL = "-Onone";
				TARGETED_DEVICE_FAMILY = "1,2";
			};
			name = Debug;
		};
		4BCE2A041B2E76F400B74DCA /* Release */ = {
			isa = XCBuildConfiguration;
			buildSettings = {
				ALWAYS_SEARCH_USER_PATHS = NO;
				CLANG_CXX_LANGUAGE_STANDARD = "gnu++0x";
				CLANG_CXX_LIBRARY = "libc++";
				CLANG_ENABLE_MODULES = YES;
				CLANG_ENABLE_OBJC_ARC = YES;
				CLANG_WARN_BOOL_CONVERSION = YES;
				CLANG_WARN_CONSTANT_CONVERSION = YES;
				CLANG_WARN_DIRECT_OBJC_ISA_USAGE = YES_ERROR;
				CLANG_WARN_EMPTY_BODY = YES;
				CLANG_WARN_ENUM_CONVERSION = YES;
				CLANG_WARN_INT_CONVERSION = YES;
				CLANG_WARN_OBJC_ROOT_CLASS = YES_ERROR;
				CLANG_WARN_UNREACHABLE_CODE = YES;
				CLANG_WARN__DUPLICATE_METHOD_MATCH = YES;
				"CODE_SIGN_IDENTITY[sdk=iphoneos*]" = "iPhone Developer";
				COPY_PHASE_STRIP = NO;
				DEBUG_INFORMATION_FORMAT = "dwarf-with-dsym";
				ENABLE_NS_ASSERTIONS = NO;
				ENABLE_STRICT_OBJC_MSGSEND = YES;
				GCC_C_LANGUAGE_STANDARD = gnu99;
				GCC_NO_COMMON_BLOCKS = YES;
				GCC_WARN_64_TO_32_BIT_CONVERSION = YES;
				GCC_WARN_ABOUT_RETURN_TYPE = YES_ERROR;
				GCC_WARN_UNDECLARED_SELECTOR = YES;
				GCC_WARN_UNINITIALIZED_AUTOS = YES_AGGRESSIVE;
				GCC_WARN_UNUSED_FUNCTION = YES;
				GCC_WARN_UNUSED_VARIABLE = YES;
				IPHONEOS_DEPLOYMENT_TARGET = 8.3;
				MTL_ENABLE_DEBUG_INFO = NO;
				SDKROOT = iphoneos;
				TARGETED_DEVICE_FAMILY = "1,2";
				VALIDATE_PRODUCT = YES;
			};
			name = Release;
		};
		4BCE2A061B2E76F400B74DCA /* Debug */ = {
			isa = XCBuildConfiguration;
			buildSettings = {
				ASSETCATALOG_COMPILER_APPICON_NAME = AppIcon;
				CLANG_ENABLE_MODULES = YES;
				FRAMEWORK_SEARCH_PATHS = (
					"$(inherited)",
					"$(PROJECT_DIR)",
				);
				INFOPLIST_FILE = summerproject/Info.plist;
				LD_RUNPATH_SEARCH_PATHS = "$(inherited) @executable_path/Frameworks";
				PRODUCT_NAME = "$(TARGET_NAME)";
				SWIFT_OBJC_BRIDGING_HEADER = "summerproject/Controllers/summerproject-Bridging-Header.h";
				SWIFT_OPTIMIZATION_LEVEL = "-Onone";
			};
			name = Debug;
		};
		4BCE2A071B2E76F400B74DCA /* Release */ = {
			isa = XCBuildConfiguration;
			buildSettings = {
				ASSETCATALOG_COMPILER_APPICON_NAME = AppIcon;
				CLANG_ENABLE_MODULES = YES;
				FRAMEWORK_SEARCH_PATHS = (
					"$(inherited)",
					"$(PROJECT_DIR)",
				);
				INFOPLIST_FILE = summerproject/Info.plist;
				LD_RUNPATH_SEARCH_PATHS = "$(inherited) @executable_path/Frameworks";
				PRODUCT_NAME = "$(TARGET_NAME)";
				SWIFT_OBJC_BRIDGING_HEADER = "summerproject/Controllers/summerproject-Bridging-Header.h";
			};
			name = Release;
		};
		4BCE2A091B2E76F400B74DCA /* Debug */ = {
			isa = XCBuildConfiguration;
			buildSettings = {
				BUNDLE_LOADER = "$(TEST_HOST)";
				FRAMEWORK_SEARCH_PATHS = (
					"$(SDKROOT)/Developer/Library/Frameworks",
					"$(inherited)",
				);
				GCC_PREPROCESSOR_DEFINITIONS = (
					"DEBUG=1",
					"$(inherited)",
				);
				INFOPLIST_FILE = summerprojectTests/Info.plist;
				LD_RUNPATH_SEARCH_PATHS = "$(inherited) @executable_path/Frameworks @loader_path/Frameworks";
				PRODUCT_NAME = "$(TARGET_NAME)";
				TEST_HOST = "$(BUILT_PRODUCTS_DIR)/summerproject.app/summerproject";
			};
			name = Debug;
		};
		4BCE2A0A1B2E76F400B74DCA /* Release */ = {
			isa = XCBuildConfiguration;
			buildSettings = {
				BUNDLE_LOADER = "$(TEST_HOST)";
				FRAMEWORK_SEARCH_PATHS = (
					"$(SDKROOT)/Developer/Library/Frameworks",
					"$(inherited)",
				);
				INFOPLIST_FILE = summerprojectTests/Info.plist;
				LD_RUNPATH_SEARCH_PATHS = "$(inherited) @executable_path/Frameworks @loader_path/Frameworks";
				PRODUCT_NAME = "$(TARGET_NAME)";
				TEST_HOST = "$(BUILT_PRODUCTS_DIR)/summerproject.app/summerproject";
			};
			name = Release;
		};
/* End XCBuildConfiguration section */

/* Begin XCConfigurationList section */
		4BCE29DE1B2E76F400B74DCA /* Build configuration list for PBXProject "summerproject" */ = {
			isa = XCConfigurationList;
			buildConfigurations = (
				4BCE2A031B2E76F400B74DCA /* Debug */,
				4BCE2A041B2E76F400B74DCA /* Release */,
			);
			defaultConfigurationIsVisible = 0;
			defaultConfigurationName = Release;
		};
		4BCE2A051B2E76F400B74DCA /* Build configuration list for PBXNativeTarget "summerproject" */ = {
			isa = XCConfigurationList;
			buildConfigurations = (
				4BCE2A061B2E76F400B74DCA /* Debug */,
				4BCE2A071B2E76F400B74DCA /* Release */,
			);
			defaultConfigurationIsVisible = 0;
			defaultConfigurationName = Release;
		};
		4BCE2A081B2E76F400B74DCA /* Build configuration list for PBXNativeTarget "summerprojectTests" */ = {
			isa = XCConfigurationList;
			buildConfigurations = (
				4BCE2A091B2E76F400B74DCA /* Debug */,
				4BCE2A0A1B2E76F400B74DCA /* Release */,
			);
			defaultConfigurationIsVisible = 0;
			defaultConfigurationName = Release;
		};
/* End XCConfigurationList section */

/* Begin XCVersionGroup section */
		4BCE29EA1B2E76F400B74DCA /* summerproject.xcdatamodeld */ = {
			isa = XCVersionGroup;
			children = (
				4BCE29EB1B2E76F400B74DCA /* summerproject.xcdatamodel */,
			);
			currentVersion = 4BCE29EB1B2E76F400B74DCA /* summerproject.xcdatamodel */;
			path = summerproject.xcdatamodeld;
			sourceTree = "<group>";
			versionGroupType = wrapper.xcdatamodel;
		};
/* End XCVersionGroup section */
	};
	rootObject = 4BCE29DB1B2E76F300B74DCA /* Project object */;
}
