// !$*UTF8*$!
{
	archiveVersion = 1;
	classes = {
	};
	objectVersion = 46;
	objects = {

/* Begin PBXBuildFile section */
		4B0F81701B54A97D0077A371 /* ProfileViewController.swift in Sources */ = {isa = PBXBuildFile; fileRef = 4B0F816F1B54A97D0077A371 /* ProfileViewController.swift */; };
		4B0F81721B54A9B40077A371 /* SettingsTableViewController.swift in Sources */ = {isa = PBXBuildFile; fileRef = 4B0F81711B54A9B40077A371 /* SettingsTableViewController.swift */; };
		4B0F81811B54AFBA0077A371 /* HomeTableViewCell.swift in Sources */ = {isa = PBXBuildFile; fileRef = 4B0F81801B54AFBA0077A371 /* HomeTableViewCell.swift */; };
		4B0F81831B54B18B0077A371 /* CustomNavigationController.swift in Sources */ = {isa = PBXBuildFile; fileRef = 4B0F81821B54B18B0077A371 /* CustomNavigationController.swift */; };
		4B0F81851B54B8B80077A371 /* HomeTableViewController.swift in Sources */ = {isa = PBXBuildFile; fileRef = 4B0F81841B54B8B80077A371 /* HomeTableViewController.swift */; };
		4B0F818C1B54C1670077A371 /* MenuViewController.swift in Sources */ = {isa = PBXBuildFile; fileRef = 4B0F818B1B54C1670077A371 /* MenuViewController.swift */; };
		4B269A6F1B672B1700FAFFDE /* ReviewsTableViewController.swift in Sources */ = {isa = PBXBuildFile; fileRef = 4B269A6E1B672B1700FAFFDE /* ReviewsTableViewController.swift */; };
		4B269A711B672B2F00FAFFDE /* ReviewTableViewCell.swift in Sources */ = {isa = PBXBuildFile; fileRef = 4B269A701B672B2F00FAFFDE /* ReviewTableViewCell.swift */; };
		4B2CD2E51B56067A0040BEEA /* SideBarViewController.swift in Sources */ = {isa = PBXBuildFile; fileRef = 4B2CD2E41B56067A0040BEEA /* SideBarViewController.swift */; };
		4B46F0231B5B5C3900573A1F /* Main.storyboard in Resources */ = {isa = PBXBuildFile; fileRef = 4B46F0221B5B5C3900573A1F /* Main.storyboard */; };
		4B46F0241B5B5C4B00573A1F /* Main.storyboard in Sources */ = {isa = PBXBuildFile; fileRef = 4B46F0221B5B5C3900573A1F /* Main.storyboard */; };
		4B5F57FD1B68776C00B473BD /* RatingViewController.swift in Sources */ = {isa = PBXBuildFile; fileRef = 4B5F57FC1B68776C00B473BD /* RatingViewController.swift */; };
		4B5F58011B6881A100B473BD /* RatingBaseViewController.swift in Sources */ = {isa = PBXBuildFile; fileRef = 4B5F58001B6881A100B473BD /* RatingBaseViewController.swift */; };
		4B8A2FB41B5C551A00085940 /* TutorialViewController.swift in Sources */ = {isa = PBXBuildFile; fileRef = 4B8A2FB31B5C551A00085940 /* TutorialViewController.swift */; };
		4B8A2FB61B5C743800085940 /* PageViewController.swift in Sources */ = {isa = PBXBuildFile; fileRef = 4B8A2FB51B5C743800085940 /* PageViewController.swift */; };
		4BCE29E91B2E76F400B74DCA /* AppDelegate.swift in Sources */ = {isa = PBXBuildFile; fileRef = 4BCE29E81B2E76F400B74DCA /* AppDelegate.swift */; };
		4BCE29EC1B2E76F400B74DCA /* summerproject.xcdatamodeld in Sources */ = {isa = PBXBuildFile; fileRef = 4BCE29EA1B2E76F400B74DCA /* summerproject.xcdatamodeld */; };
		4BCE29F31B2E76F400B74DCA /* Images.xcassets in Resources */ = {isa = PBXBuildFile; fileRef = 4BCE29F21B2E76F400B74DCA /* Images.xcassets */; };
		5A063FD61B69D4C5006F74BC /* FacebookProfileProtocol.swift in Sources */ = {isa = PBXBuildFile; fileRef = 5A063FD51B69D4C5006F74BC /* FacebookProfileProtocol.swift */; };
		5A063FD81B69D54F006F74BC /* FacebookProfile.swift in Sources */ = {isa = PBXBuildFile; fileRef = 5A063FD71B69D54F006F74BC /* FacebookProfile.swift */; };
		5A2A13AC1B5314C300BA9535 /* Bolts.framework in Frameworks */ = {isa = PBXBuildFile; fileRef = 5A2A13AA1B5314C300BA9535 /* Bolts.framework */; };
		5A2A13AD1B5314C300BA9535 /* Parse.framework in Frameworks */ = {isa = PBXBuildFile; fileRef = 5A2A13AB1B5314C300BA9535 /* Parse.framework */; };
		5A2A13BB1B53158C00BA9535 /* Accounts.framework in Frameworks */ = {isa = PBXBuildFile; fileRef = 5A2A13AE1B53158B00BA9535 /* Accounts.framework */; };
		5A2A13BC1B53158C00BA9535 /* AudioToolbox.framework in Frameworks */ = {isa = PBXBuildFile; fileRef = 5A2A13AF1B53158B00BA9535 /* AudioToolbox.framework */; };
		5A2A13BD1B53158C00BA9535 /* CFNetwork.framework in Frameworks */ = {isa = PBXBuildFile; fileRef = 5A2A13B01B53158B00BA9535 /* CFNetwork.framework */; };
		5A2A13BE1B53158C00BA9535 /* CoreGraphics.framework in Frameworks */ = {isa = PBXBuildFile; fileRef = 5A2A13B11B53158B00BA9535 /* CoreGraphics.framework */; };
		5A2A13BF1B53158C00BA9535 /* CoreLocation.framework in Frameworks */ = {isa = PBXBuildFile; fileRef = 5A2A13B21B53158B00BA9535 /* CoreLocation.framework */; };
		5A2A13C01B53158C00BA9535 /* libsqlite3.dylib in Frameworks */ = {isa = PBXBuildFile; fileRef = 5A2A13B31B53158B00BA9535 /* libsqlite3.dylib */; };
		5A2A13C11B53158C00BA9535 /* libz.dylib in Frameworks */ = {isa = PBXBuildFile; fileRef = 5A2A13B41B53158B00BA9535 /* libz.dylib */; };
		5A2A13C21B53158C00BA9535 /* MobileCoreServices.framework in Frameworks */ = {isa = PBXBuildFile; fileRef = 5A2A13B51B53158B00BA9535 /* MobileCoreServices.framework */; };
		5A2A13C31B53158C00BA9535 /* QuartzCore.framework in Frameworks */ = {isa = PBXBuildFile; fileRef = 5A2A13B61B53158B00BA9535 /* QuartzCore.framework */; };
		5A2A13C41B53158C00BA9535 /* Security.framework in Frameworks */ = {isa = PBXBuildFile; fileRef = 5A2A13B71B53158C00BA9535 /* Security.framework */; };
		5A2A13C51B53158C00BA9535 /* Social.framework in Frameworks */ = {isa = PBXBuildFile; fileRef = 5A2A13B81B53158C00BA9535 /* Social.framework */; };
		5A2A13C61B53158C00BA9535 /* StoreKit.framework in Frameworks */ = {isa = PBXBuildFile; fileRef = 5A2A13B91B53158C00BA9535 /* StoreKit.framework */; };
		5A2A13C71B53158C00BA9535 /* SystemConfiguration.framework in Frameworks */ = {isa = PBXBuildFile; fileRef = 5A2A13BA1B53158C00BA9535 /* SystemConfiguration.framework */; };
		5A40D48A1B65F45B00E12648 /* UIKit.framework in Frameworks */ = {isa = PBXBuildFile; fileRef = 5A40D4881B65F3AE00E12648 /* UIKit.framework */; };
		5A414F781B5CAFC10060C8E2 /* Check_Library_Tests.swift in Sources */ = {isa = PBXBuildFile; fileRef = 5A414F771B5CAFC10060C8E2 /* Check_Library_Tests.swift */; };
		5A414F871B5CB1CA0060C8E2 /* Check_Application_Tests.swift in Sources */ = {isa = PBXBuildFile; fileRef = 5A414F861B5CB1CA0060C8E2 /* Check_Application_Tests.swift */; };
		5A41DBA21B609B6A00D781DC /* FBSDKCoreKit.framework in Frameworks */ = {isa = PBXBuildFile; fileRef = 5A41DBA11B609B6A00D781DC /* FBSDKCoreKit.framework */; };
		5A41DBA41B609B7800D781DC /* FBSDKLoginKit.framework in Frameworks */ = {isa = PBXBuildFile; fileRef = 5A41DBA31B609B7800D781DC /* FBSDKLoginKit.framework */; };
		5A41DBA61B609B8100D781DC /* FBSDKShareKit.framework in Frameworks */ = {isa = PBXBuildFile; fileRef = 5A41DBA51B609B8100D781DC /* FBSDKShareKit.framework */; };
		5A6642FC1B5C35EF005F5FCB /* ParseHandlerProtocol.swift in Sources */ = {isa = PBXBuildFile; fileRef = 5A6642FB1B5C35EF005F5FCB /* ParseHandlerProtocol.swift */; };
		5A6642FE1B5C361D005F5FCB /* ParseHandler.swift in Sources */ = {isa = PBXBuildFile; fileRef = 5A6642FD1B5C361D005F5FCB /* ParseHandler.swift */; };
		5A6E566E1B5372E3006438BC /* LoginViewController.swift in Sources */ = {isa = PBXBuildFile; fileRef = 5A6E566D1B5372E3006438BC /* LoginViewController.swift */; };
		5AA6F2AC1B54D1FA0006D6B3 /* Profile.swift in Sources */ = {isa = PBXBuildFile; fileRef = 5AA6F2A11B54D1FA0006D6B3 /* Profile.swift */; };
		5AA6F2AD1B54D1FA0006D6B3 /* ProfileProtocol.swift in Sources */ = {isa = PBXBuildFile; fileRef = 5AA6F2A21B54D1FA0006D6B3 /* ProfileProtocol.swift */; };
		5AA6F2B01B54D1FA0006D6B3 /* Settings.swift in Sources */ = {isa = PBXBuildFile; fileRef = 5AA6F2A71B54D1FA0006D6B3 /* Settings.swift */; };
		5AA6F2B11B54D1FA0006D6B3 /* SettingsProtocol.swift in Sources */ = {isa = PBXBuildFile; fileRef = 5AA6F2A81B54D1FA0006D6B3 /* SettingsProtocol.swift */; };
		5AAC93041B6885AB00CEC036 /* ParseFacebookUtilsV4.framework in Frameworks */ = {isa = PBXBuildFile; fileRef = 5AAC93031B6885AB00CEC036 /* ParseFacebookUtilsV4.framework */; };
		5ABF461C1B5E00F6004A0E8E /* UserProfileTests.swift in Sources */ = {isa = PBXBuildFile; fileRef = 5ABF461B1B5E00F6004A0E8E /* UserProfileTests.swift */; };
		5ABF461E1B5E0145004A0E8E /* ReviewTests.swift in Sources */ = {isa = PBXBuildFile; fileRef = 5ABF461D1B5E0145004A0E8E /* ReviewTests.swift */; };
		5ABF46201B5E0168004A0E8E /* ProfilePictureTests.swift in Sources */ = {isa = PBXBuildFile; fileRef = 5ABF461F1B5E0168004A0E8E /* ProfilePictureTests.swift */; };
		5AFC93741B65E75A00C34193 /* Review.swift in Sources */ = {isa = PBXBuildFile; fileRef = 5AFC93721B65E75A00C34193 /* Review.swift */; };
		5AFC93751B65E75A00C34193 /* ReviewProtocol.swift in Sources */ = {isa = PBXBuildFile; fileRef = 5AFC93731B65E75A00C34193 /* ReviewProtocol.swift */; };
/* End PBXBuildFile section */

/* Begin PBXContainerItemProxy section */
		5A414F791B5CAFC10060C8E2 /* PBXContainerItemProxy */ = {
			isa = PBXContainerItemProxy;
			containerPortal = 4BCE29DB1B2E76F300B74DCA /* Project object */;
			proxyType = 1;
			remoteGlobalIDString = 4BCE29E21B2E76F400B74DCA;
			remoteInfo = Check;
		};
		5A414F881B5CB1CA0060C8E2 /* PBXContainerItemProxy */ = {
			isa = PBXContainerItemProxy;
			containerPortal = 4BCE29DB1B2E76F300B74DCA /* Project object */;
			proxyType = 1;
			remoteGlobalIDString = 4BCE29E21B2E76F400B74DCA;
			remoteInfo = Check;
		};
/* End PBXContainerItemProxy section */

/* Begin PBXFileReference section */
		4B0F816F1B54A97D0077A371 /* ProfileViewController.swift */ = {isa = PBXFileReference; fileEncoding = 4; lastKnownFileType = sourcecode.swift; path = ProfileViewController.swift; sourceTree = "<group>"; };
		4B0F81711B54A9B40077A371 /* SettingsTableViewController.swift */ = {isa = PBXFileReference; fileEncoding = 4; lastKnownFileType = sourcecode.swift; path = SettingsTableViewController.swift; sourceTree = "<group>"; };
		4B0F81801B54AFBA0077A371 /* HomeTableViewCell.swift */ = {isa = PBXFileReference; fileEncoding = 4; lastKnownFileType = sourcecode.swift; path = HomeTableViewCell.swift; sourceTree = "<group>"; };
		4B0F81821B54B18B0077A371 /* CustomNavigationController.swift */ = {isa = PBXFileReference; fileEncoding = 4; lastKnownFileType = sourcecode.swift; path = CustomNavigationController.swift; sourceTree = "<group>"; };
		4B0F81841B54B8B80077A371 /* HomeTableViewController.swift */ = {isa = PBXFileReference; fileEncoding = 4; lastKnownFileType = sourcecode.swift; path = HomeTableViewController.swift; sourceTree = "<group>"; };
		4B0F818A1B54BF110077A371 /* summerproject-Bridging-Header.h */ = {isa = PBXFileReference; fileEncoding = 4; lastKnownFileType = sourcecode.c.h; name = "summerproject-Bridging-Header.h"; path = "Controllers/summerproject-Bridging-Header.h"; sourceTree = "<group>"; };
		4B0F818B1B54C1670077A371 /* MenuViewController.swift */ = {isa = PBXFileReference; fileEncoding = 4; lastKnownFileType = sourcecode.swift; path = MenuViewController.swift; sourceTree = "<group>"; };
		4B269A6E1B672B1700FAFFDE /* ReviewsTableViewController.swift */ = {isa = PBXFileReference; fileEncoding = 4; lastKnownFileType = sourcecode.swift; path = ReviewsTableViewController.swift; sourceTree = "<group>"; };
		4B269A701B672B2F00FAFFDE /* ReviewTableViewCell.swift */ = {isa = PBXFileReference; fileEncoding = 4; lastKnownFileType = sourcecode.swift; path = ReviewTableViewCell.swift; sourceTree = "<group>"; };
		4B2CD2E41B56067A0040BEEA /* SideBarViewController.swift */ = {isa = PBXFileReference; fileEncoding = 4; lastKnownFileType = sourcecode.swift; path = SideBarViewController.swift; sourceTree = "<group>"; };
		4B2CD2E61B5609720040BEEA /* PrintBold.otf */ = {isa = PBXFileReference; lastKnownFileType = file; name = PrintBold.otf; path = summerproject/Fonts/PrintBold.otf; sourceTree = "<group>"; };
		4B2CD2E71B5609720040BEEA /* PrintDashed.otf */ = {isa = PBXFileReference; lastKnownFileType = file; name = PrintDashed.otf; path = summerproject/Fonts/PrintDashed.otf; sourceTree = "<group>"; };
		4B2CD2E81B5609720040BEEA /* PrintClearly.otf */ = {isa = PBXFileReference; lastKnownFileType = file; name = PrintClearly.otf; path = summerproject/Fonts/PrintClearly.otf; sourceTree = "<group>"; };
		4B2CD2F61B560BF10040BEEA /* Fonts */ = {isa = PBXFileReference; lastKnownFileType = folder; path = Fonts; sourceTree = "<group>"; };
		4B46F0221B5B5C3900573A1F /* Main.storyboard */ = {isa = PBXFileReference; fileEncoding = 4; lastKnownFileType = file.storyboard; path = Main.storyboard; sourceTree = "<group>"; };
		4B5F57FC1B68776C00B473BD /* RatingViewController.swift */ = {isa = PBXFileReference; fileEncoding = 4; lastKnownFileType = sourcecode.swift; path = RatingViewController.swift; sourceTree = "<group>"; };
		4B5F58001B6881A100B473BD /* RatingBaseViewController.swift */ = {isa = PBXFileReference; fileEncoding = 4; lastKnownFileType = sourcecode.swift; path = RatingBaseViewController.swift; sourceTree = "<group>"; };
		4B8A2FB31B5C551A00085940 /* TutorialViewController.swift */ = {isa = PBXFileReference; fileEncoding = 4; lastKnownFileType = sourcecode.swift; path = TutorialViewController.swift; sourceTree = "<group>"; };
		4B8A2FB51B5C743800085940 /* PageViewController.swift */ = {isa = PBXFileReference; fileEncoding = 4; lastKnownFileType = sourcecode.swift; path = PageViewController.swift; sourceTree = "<group>"; };
		4BCE29E31B2E76F400B74DCA /* Check.app */ = {isa = PBXFileReference; explicitFileType = wrapper.application; includeInIndex = 0; path = Check.app; sourceTree = BUILT_PRODUCTS_DIR; };
		4BCE29E71B2E76F400B74DCA /* Info.plist */ = {isa = PBXFileReference; lastKnownFileType = text.plist.xml; path = Info.plist; sourceTree = "<group>"; };
		4BCE29E81B2E76F400B74DCA /* AppDelegate.swift */ = {isa = PBXFileReference; lastKnownFileType = sourcecode.swift; path = AppDelegate.swift; sourceTree = "<group>"; };
		4BCE29EB1B2E76F400B74DCA /* summerproject.xcdatamodel */ = {isa = PBXFileReference; lastKnownFileType = wrapper.xcdatamodel; path = summerproject.xcdatamodel; sourceTree = "<group>"; };
		4BCE29F21B2E76F400B74DCA /* Images.xcassets */ = {isa = PBXFileReference; lastKnownFileType = folder.assetcatalog; path = Images.xcassets; sourceTree = "<group>"; };
		4BCE29F51B2E76F400B74DCA /* Base */ = {isa = PBXFileReference; lastKnownFileType = file.xib; name = Base; path = Base.lproj/LaunchScreen.xib; sourceTree = "<group>"; };
		5A063FD51B69D4C5006F74BC /* FacebookProfileProtocol.swift */ = {isa = PBXFileReference; fileEncoding = 4; lastKnownFileType = sourcecode.swift; name = FacebookProfileProtocol.swift; path = FacebookAPI/FacebookProfileProtocol.swift; sourceTree = "<group>"; };
		5A063FD71B69D54F006F74BC /* FacebookProfile.swift */ = {isa = PBXFileReference; fileEncoding = 4; lastKnownFileType = sourcecode.swift; name = FacebookProfile.swift; path = FacebookAPI/FacebookProfile.swift; sourceTree = "<group>"; };
		5A2A13AA1B5314C300BA9535 /* Bolts.framework */ = {isa = PBXFileReference; lastKnownFileType = wrapper.framework; path = Bolts.framework; sourceTree = "<group>"; };
		5A2A13AB1B5314C300BA9535 /* Parse.framework */ = {isa = PBXFileReference; lastKnownFileType = wrapper.framework; path = Parse.framework; sourceTree = "<group>"; };
		5A2A13AE1B53158B00BA9535 /* Accounts.framework */ = {isa = PBXFileReference; lastKnownFileType = wrapper.framework; name = Accounts.framework; path = System/Library/Frameworks/Accounts.framework; sourceTree = SDKROOT; };
		5A2A13AF1B53158B00BA9535 /* AudioToolbox.framework */ = {isa = PBXFileReference; lastKnownFileType = wrapper.framework; name = AudioToolbox.framework; path = System/Library/Frameworks/AudioToolbox.framework; sourceTree = SDKROOT; };
		5A2A13B01B53158B00BA9535 /* CFNetwork.framework */ = {isa = PBXFileReference; lastKnownFileType = wrapper.framework; name = CFNetwork.framework; path = System/Library/Frameworks/CFNetwork.framework; sourceTree = SDKROOT; };
		5A2A13B11B53158B00BA9535 /* CoreGraphics.framework */ = {isa = PBXFileReference; lastKnownFileType = wrapper.framework; name = CoreGraphics.framework; path = System/Library/Frameworks/CoreGraphics.framework; sourceTree = SDKROOT; };
		5A2A13B21B53158B00BA9535 /* CoreLocation.framework */ = {isa = PBXFileReference; lastKnownFileType = wrapper.framework; name = CoreLocation.framework; path = System/Library/Frameworks/CoreLocation.framework; sourceTree = SDKROOT; };
		5A2A13B31B53158B00BA9535 /* libsqlite3.dylib */ = {isa = PBXFileReference; lastKnownFileType = "compiled.mach-o.dylib"; name = libsqlite3.dylib; path = usr/lib/libsqlite3.dylib; sourceTree = SDKROOT; };
		5A2A13B41B53158B00BA9535 /* libz.dylib */ = {isa = PBXFileReference; lastKnownFileType = "compiled.mach-o.dylib"; name = libz.dylib; path = usr/lib/libz.dylib; sourceTree = SDKROOT; };
		5A2A13B51B53158B00BA9535 /* MobileCoreServices.framework */ = {isa = PBXFileReference; lastKnownFileType = wrapper.framework; name = MobileCoreServices.framework; path = System/Library/Frameworks/MobileCoreServices.framework; sourceTree = SDKROOT; };
		5A2A13B61B53158B00BA9535 /* QuartzCore.framework */ = {isa = PBXFileReference; lastKnownFileType = wrapper.framework; name = QuartzCore.framework; path = System/Library/Frameworks/QuartzCore.framework; sourceTree = SDKROOT; };
		5A2A13B71B53158C00BA9535 /* Security.framework */ = {isa = PBXFileReference; lastKnownFileType = wrapper.framework; name = Security.framework; path = System/Library/Frameworks/Security.framework; sourceTree = SDKROOT; };
		5A2A13B81B53158C00BA9535 /* Social.framework */ = {isa = PBXFileReference; lastKnownFileType = wrapper.framework; name = Social.framework; path = System/Library/Frameworks/Social.framework; sourceTree = SDKROOT; };
		5A2A13B91B53158C00BA9535 /* StoreKit.framework */ = {isa = PBXFileReference; lastKnownFileType = wrapper.framework; name = StoreKit.framework; path = System/Library/Frameworks/StoreKit.framework; sourceTree = SDKROOT; };
		5A2A13BA1B53158C00BA9535 /* SystemConfiguration.framework */ = {isa = PBXFileReference; lastKnownFileType = wrapper.framework; name = SystemConfiguration.framework; path = System/Library/Frameworks/SystemConfiguration.framework; sourceTree = SDKROOT; };
		5A40D4881B65F3AE00E12648 /* UIKit.framework */ = {isa = PBXFileReference; lastKnownFileType = wrapper.framework; name = UIKit.framework; path = System/Library/Frameworks/UIKit.framework; sourceTree = SDKROOT; };
		5A414F731B5CAFC10060C8E2 /* Check_Library_Tests.xctest */ = {isa = PBXFileReference; explicitFileType = wrapper.cfbundle; includeInIndex = 0; path = Check_Library_Tests.xctest; sourceTree = BUILT_PRODUCTS_DIR; };
		5A414F761B5CAFC10060C8E2 /* Info.plist */ = {isa = PBXFileReference; lastKnownFileType = text.plist.xml; path = Info.plist; sourceTree = "<group>"; };
		5A414F771B5CAFC10060C8E2 /* Check_Library_Tests.swift */ = {isa = PBXFileReference; lastKnownFileType = sourcecode.swift; path = Check_Library_Tests.swift; sourceTree = "<group>"; };
		5A414F821B5CB1CA0060C8E2 /* Check_Application_Tests.xctest */ = {isa = PBXFileReference; explicitFileType = wrapper.cfbundle; includeInIndex = 0; path = Check_Application_Tests.xctest; sourceTree = BUILT_PRODUCTS_DIR; };
		5A414F851B5CB1CA0060C8E2 /* Info.plist */ = {isa = PBXFileReference; lastKnownFileType = text.plist.xml; path = Info.plist; sourceTree = "<group>"; };
		5A414F861B5CB1CA0060C8E2 /* Check_Application_Tests.swift */ = {isa = PBXFileReference; lastKnownFileType = sourcecode.swift; path = Check_Application_Tests.swift; sourceTree = "<group>"; };
		5A41DBA11B609B6A00D781DC /* FBSDKCoreKit.framework */ = {isa = PBXFileReference; lastKnownFileType = wrapper.framework; path = FBSDKCoreKit.framework; sourceTree = "<group>"; };
		5A41DBA31B609B7800D781DC /* FBSDKLoginKit.framework */ = {isa = PBXFileReference; lastKnownFileType = wrapper.framework; path = FBSDKLoginKit.framework; sourceTree = "<group>"; };
		5A41DBA51B609B8100D781DC /* FBSDKShareKit.framework */ = {isa = PBXFileReference; lastKnownFileType = wrapper.framework; path = FBSDKShareKit.framework; sourceTree = "<group>"; };
		5A6642FB1B5C35EF005F5FCB /* ParseHandlerProtocol.swift */ = {isa = PBXFileReference; fileEncoding = 4; lastKnownFileType = sourcecode.swift; name = ParseHandlerProtocol.swift; path = ParseHandler/ParseHandlerProtocol.swift; sourceTree = "<group>"; };
		5A6642FD1B5C361D005F5FCB /* ParseHandler.swift */ = {isa = PBXFileReference; fileEncoding = 4; lastKnownFileType = sourcecode.swift; name = ParseHandler.swift; path = ParseHandler/ParseHandler.swift; sourceTree = "<group>"; };
		5A6E566D1B5372E3006438BC /* LoginViewController.swift */ = {isa = PBXFileReference; fileEncoding = 4; lastKnownFileType = sourcecode.swift; path = LoginViewController.swift; sourceTree = "<group>"; };
		5A6E56711B5377BF006438BC /* Tutorial1ViewController.swift */ = {isa = PBXFileReference; fileEncoding = 4; lastKnownFileType = sourcecode.swift; name = Tutorial1ViewController.swift; path = Tutorial/Tutorial1ViewController.swift; sourceTree = "<group>"; };
		5A6E56731B5377DB006438BC /* Tutorial2ViewController.swift */ = {isa = PBXFileReference; fileEncoding = 4; lastKnownFileType = sourcecode.swift; name = Tutorial2ViewController.swift; path = Tutorial/Tutorial2ViewController.swift; sourceTree = "<group>"; };
		5A6E56761B537806006438BC /* Tutorial3ViewController.swift */ = {isa = PBXFileReference; fileEncoding = 4; lastKnownFileType = sourcecode.swift; name = Tutorial3ViewController.swift; path = Tutorial/Tutorial3ViewController.swift; sourceTree = "<group>"; };
		5A6E56781B53781F006438BC /* Tutorial4ViewController.swift */ = {isa = PBXFileReference; fileEncoding = 4; lastKnownFileType = sourcecode.swift; name = Tutorial4ViewController.swift; path = Tutorial/Tutorial4ViewController.swift; sourceTree = "<group>"; };
		5AA6F2A11B54D1FA0006D6B3 /* Profile.swift */ = {isa = PBXFileReference; fileEncoding = 4; lastKnownFileType = sourcecode.swift; path = Profile.swift; sourceTree = "<group>"; };
		5AA6F2A21B54D1FA0006D6B3 /* ProfileProtocol.swift */ = {isa = PBXFileReference; fileEncoding = 4; lastKnownFileType = sourcecode.swift; path = ProfileProtocol.swift; sourceTree = "<group>"; };
		5AA6F2A71B54D1FA0006D6B3 /* Settings.swift */ = {isa = PBXFileReference; fileEncoding = 4; lastKnownFileType = sourcecode.swift; path = Settings.swift; sourceTree = "<group>"; };
		5AA6F2A81B54D1FA0006D6B3 /* SettingsProtocol.swift */ = {isa = PBXFileReference; fileEncoding = 4; lastKnownFileType = sourcecode.swift; path = SettingsProtocol.swift; sourceTree = "<group>"; };
		5AAC93031B6885AB00CEC036 /* ParseFacebookUtilsV4.framework */ = {isa = PBXFileReference; lastKnownFileType = wrapper.framework; path = ParseFacebookUtilsV4.framework; sourceTree = "<group>"; };
		5ABF461B1B5E00F6004A0E8E /* UserProfileTests.swift */ = {isa = PBXFileReference; fileEncoding = 4; lastKnownFileType = sourcecode.swift; path = UserProfileTests.swift; sourceTree = "<group>"; };
		5ABF461D1B5E0145004A0E8E /* ReviewTests.swift */ = {isa = PBXFileReference; fileEncoding = 4; lastKnownFileType = sourcecode.swift; path = ReviewTests.swift; sourceTree = "<group>"; };
		5ABF461F1B5E0168004A0E8E /* ProfilePictureTests.swift */ = {isa = PBXFileReference; fileEncoding = 4; lastKnownFileType = sourcecode.swift; path = ProfilePictureTests.swift; sourceTree = "<group>"; };
		5AFC93721B65E75A00C34193 /* Review.swift */ = {isa = PBXFileReference; fileEncoding = 4; lastKnownFileType = sourcecode.swift; name = Review.swift; path = Review/Review.swift; sourceTree = "<group>"; };
		5AFC93731B65E75A00C34193 /* ReviewProtocol.swift */ = {isa = PBXFileReference; fileEncoding = 4; lastKnownFileType = sourcecode.swift; name = ReviewProtocol.swift; path = Review/ReviewProtocol.swift; sourceTree = "<group>"; };
/* End PBXFileReference section */

/* Begin PBXFrameworksBuildPhase section */
		4BCE29E01B2E76F400B74DCA /* Frameworks */ = {
			isa = PBXFrameworksBuildPhase;
			buildActionMask = 2147483647;
			files = (
				5A40D48A1B65F45B00E12648 /* UIKit.framework in Frameworks */,
				5A41DBA41B609B7800D781DC /* FBSDKLoginKit.framework in Frameworks */,
				5A2A13BB1B53158C00BA9535 /* Accounts.framework in Frameworks */,
				5A2A13BC1B53158C00BA9535 /* AudioToolbox.framework in Frameworks */,
				5A2A13BD1B53158C00BA9535 /* CFNetwork.framework in Frameworks */,
				5A2A13BE1B53158C00BA9535 /* CoreGraphics.framework in Frameworks */,
				5A2A13BF1B53158C00BA9535 /* CoreLocation.framework in Frameworks */,
				5A2A13C01B53158C00BA9535 /* libsqlite3.dylib in Frameworks */,
				5A2A13C11B53158C00BA9535 /* libz.dylib in Frameworks */,
				5A2A13C21B53158C00BA9535 /* MobileCoreServices.framework in Frameworks */,
				5A2A13C31B53158C00BA9535 /* QuartzCore.framework in Frameworks */,
				5A2A13C41B53158C00BA9535 /* Security.framework in Frameworks */,
				5A2A13C51B53158C00BA9535 /* Social.framework in Frameworks */,
				5A2A13C61B53158C00BA9535 /* StoreKit.framework in Frameworks */,
				5AAC93041B6885AB00CEC036 /* ParseFacebookUtilsV4.framework in Frameworks */,
				5A2A13C71B53158C00BA9535 /* SystemConfiguration.framework in Frameworks */,
				5A41DBA61B609B8100D781DC /* FBSDKShareKit.framework in Frameworks */,
				5A41DBA21B609B6A00D781DC /* FBSDKCoreKit.framework in Frameworks */,
				5A2A13AD1B5314C300BA9535 /* Parse.framework in Frameworks */,
				5A2A13AC1B5314C300BA9535 /* Bolts.framework in Frameworks */,
			);
			runOnlyForDeploymentPostprocessing = 0;
		};
		5A414F701B5CAFC10060C8E2 /* Frameworks */ = {
			isa = PBXFrameworksBuildPhase;
			buildActionMask = 2147483647;
			files = (
			);
			runOnlyForDeploymentPostprocessing = 0;
		};
		5A414F7F1B5CB1CA0060C8E2 /* Frameworks */ = {
			isa = PBXFrameworksBuildPhase;
			buildActionMask = 2147483647;
			files = (
			);
			runOnlyForDeploymentPostprocessing = 0;
		};
/* End PBXFrameworksBuildPhase section */

/* Begin PBXGroup section */
		4BCE29DA1B2E76F300B74DCA = {
			isa = PBXGroup;
			children = (
				5AE83EF01B57584300B3C650 /* Fonts */,
				5A414F831B5CB1CA0060C8E2 /* Check_Application_Tests */,
				5A2A13A91B5314AB00BA9535 /* Frameworks */,
				4BCE29E41B2E76F400B74DCA /* Products */,
				5A414F741B5CAFC10060C8E2 /* Check_Library_Tests */,
				4BCE29E51B2E76F400B74DCA /* Check */,
			);
			sourceTree = "<group>";
		};
		4BCE29E41B2E76F400B74DCA /* Products */ = {
			isa = PBXGroup;
			children = (
				4BCE29E31B2E76F400B74DCA /* Check.app */,
				5A414F731B5CAFC10060C8E2 /* Check_Library_Tests.xctest */,
				5A414F821B5CB1CA0060C8E2 /* Check_Application_Tests.xctest */,
			);
			name = Products;
			sourceTree = "<group>";
		};
		4BCE29E51B2E76F400B74DCA /* Check */ = {
			isa = PBXGroup;
			children = (
				5A60729C1B53405D008D9C5A /* Controllers */,
				5A60729E1B53405D008D9C5A /* Models */,
				4BCE29E81B2E76F400B74DCA /* AppDelegate.swift */,
				4B46F0221B5B5C3900573A1F /* Main.storyboard */,
				4BCE29E61B2E76F400B74DCA /* Supporting Files */,
			);
			name = Check;
			path = summerproject;
			sourceTree = "<group>";
		};
		4BCE29E61B2E76F400B74DCA /* Supporting Files */ = {
			isa = PBXGroup;
			children = (
				4B0F818A1B54BF110077A371 /* summerproject-Bridging-Header.h */,
				4BCE29F21B2E76F400B74DCA /* Images.xcassets */,
				4BCE29F41B2E76F400B74DCA /* LaunchScreen.xib */,
				4BCE29EA1B2E76F400B74DCA /* summerproject.xcdatamodeld */,
				4BCE29E71B2E76F400B74DCA /* Info.plist */,
				4B2CD2F61B560BF10040BEEA /* Fonts */,
			);
			name = "Supporting Files";
			sourceTree = "<group>";
		};
		5A063FD41B69D46E006F74BC /* FacebookAPI */ = {
			isa = PBXGroup;
			children = (
				5A063FD51B69D4C5006F74BC /* FacebookProfileProtocol.swift */,
				5A063FD71B69D54F006F74BC /* FacebookProfile.swift */,
			);
			name = FacebookAPI;
			sourceTree = "<group>";
		};
		5A2A13A91B5314AB00BA9535 /* Frameworks */ = {
			isa = PBXGroup;
			children = (
				5AAC93031B6885AB00CEC036 /* ParseFacebookUtilsV4.framework */,
				5A40D4881B65F3AE00E12648 /* UIKit.framework */,
				5A41DBA11B609B6A00D781DC /* FBSDKCoreKit.framework */,
				5A41DBA31B609B7800D781DC /* FBSDKLoginKit.framework */,
				5A41DBA51B609B8100D781DC /* FBSDKShareKit.framework */,
				5A2A13AE1B53158B00BA9535 /* Accounts.framework */,
				5A2A13AF1B53158B00BA9535 /* AudioToolbox.framework */,
				5A2A13B01B53158B00BA9535 /* CFNetwork.framework */,
				5A2A13B11B53158B00BA9535 /* CoreGraphics.framework */,
				5A2A13B21B53158B00BA9535 /* CoreLocation.framework */,
				5A2A13B31B53158B00BA9535 /* libsqlite3.dylib */,
				5A2A13B41B53158B00BA9535 /* libz.dylib */,
				5A2A13B51B53158B00BA9535 /* MobileCoreServices.framework */,
				5A2A13B61B53158B00BA9535 /* QuartzCore.framework */,
				5A2A13B71B53158C00BA9535 /* Security.framework */,
				5A2A13B81B53158C00BA9535 /* Social.framework */,
				5A2A13B91B53158C00BA9535 /* StoreKit.framework */,
				5A2A13BA1B53158C00BA9535 /* SystemConfiguration.framework */,
				5A2A13AA1B5314C300BA9535 /* Bolts.framework */,
				5A2A13AB1B5314C300BA9535 /* Parse.framework */,
			);
			name = Frameworks;
			sourceTree = "<group>";
		};
		5A414F741B5CAFC10060C8E2 /* Check_Library_Tests */ = {
			isa = PBXGroup;
			children = (
				5ABF461F1B5E0168004A0E8E /* ProfilePictureTests.swift */,
				5ABF461D1B5E0145004A0E8E /* ReviewTests.swift */,
				5ABF461B1B5E00F6004A0E8E /* UserProfileTests.swift */,
				5A414F771B5CAFC10060C8E2 /* Check_Library_Tests.swift */,
				5A414F751B5CAFC10060C8E2 /* Supporting Files */,
			);
			path = Check_Library_Tests;
			sourceTree = "<group>";
		};
		5A414F751B5CAFC10060C8E2 /* Supporting Files */ = {
			isa = PBXGroup;
			children = (
				5A414F761B5CAFC10060C8E2 /* Info.plist */,
			);
			name = "Supporting Files";
			sourceTree = "<group>";
		};
		5A414F831B5CB1CA0060C8E2 /* Check_Application_Tests */ = {
			isa = PBXGroup;
			children = (
				5A414F861B5CB1CA0060C8E2 /* Check_Application_Tests.swift */,
				5A414F841B5CB1CA0060C8E2 /* Supporting Files */,
			);
			path = Check_Application_Tests;
			sourceTree = "<group>";
		};
		5A414F841B5CB1CA0060C8E2 /* Supporting Files */ = {
			isa = PBXGroup;
			children = (
				5A414F851B5CB1CA0060C8E2 /* Info.plist */,
			);
			name = "Supporting Files";
			sourceTree = "<group>";
		};
		5A60729C1B53405D008D9C5A /* Controllers */ = {
			isa = PBXGroup;
			children = (
				5A6E56751B5377EB006438BC /* Tutorial */,
				5A6E566D1B5372E3006438BC /* LoginViewController.swift */,
				4B0F81841B54B8B80077A371 /* HomeTableViewController.swift */,
				4B0F81801B54AFBA0077A371 /* HomeTableViewCell.swift */,
				4B0F816F1B54A97D0077A371 /* ProfileViewController.swift */,
				4B0F81711B54A9B40077A371 /* SettingsTableViewController.swift */,
				4B0F81821B54B18B0077A371 /* CustomNavigationController.swift */,
				4B0F818B1B54C1670077A371 /* MenuViewController.swift */,
				4B2CD2E41B56067A0040BEEA /* SideBarViewController.swift */,
				4B8A2FB31B5C551A00085940 /* TutorialViewController.swift */,
				4B8A2FB51B5C743800085940 /* PageViewController.swift */,
				4B269A6E1B672B1700FAFFDE /* ReviewsTableViewController.swift */,
				4B269A701B672B2F00FAFFDE /* ReviewTableViewCell.swift */,
				4B5F58001B6881A100B473BD /* RatingBaseViewController.swift */,
				4B5F57FC1B68776C00B473BD /* RatingViewController.swift */,
			);
			path = Controllers;
			sourceTree = "<group>";
		};
		5A60729E1B53405D008D9C5A /* Models */ = {
			isa = PBXGroup;
			children = (
				5A063FD41B69D46E006F74BC /* FacebookAPI */,
				5AFC93711B65E74000C34193 /* Review */,
				5AA6F2A01B54D1FA0006D6B3 /* Profile */,
				5AA6F2A61B54D1FA0006D6B3 /* Settings */,
				5A6642FA1B5C3522005F5FCB /* ParseHandler */,
			);
			path = Models;
			sourceTree = "<group>";
		};
		5A6642FA1B5C3522005F5FCB /* ParseHandler */ = {
			isa = PBXGroup;
			children = (
				5A6642FB1B5C35EF005F5FCB /* ParseHandlerProtocol.swift */,
				5A6642FD1B5C361D005F5FCB /* ParseHandler.swift */,
			);
			name = ParseHandler;
			sourceTree = "<group>";
		};
		5A6E56751B5377EB006438BC /* Tutorial */ = {
			isa = PBXGroup;
			children = (
				5A6E56711B5377BF006438BC /* Tutorial1ViewController.swift */,
				5A6E56731B5377DB006438BC /* Tutorial2ViewController.swift */,
				5A6E56761B537806006438BC /* Tutorial3ViewController.swift */,
				5A6E56781B53781F006438BC /* Tutorial4ViewController.swift */,
			);
			name = Tutorial;
			sourceTree = "<group>";
		};
		5AA6F2A01B54D1FA0006D6B3 /* Profile */ = {
			isa = PBXGroup;
			children = (
				5AA6F2A21B54D1FA0006D6B3 /* ProfileProtocol.swift */,
				5AA6F2A11B54D1FA0006D6B3 /* Profile.swift */,
			);
			path = Profile;
			sourceTree = "<group>";
		};
		5AA6F2A61B54D1FA0006D6B3 /* Settings */ = {
			isa = PBXGroup;
			children = (
				5AA6F2A81B54D1FA0006D6B3 /* SettingsProtocol.swift */,
				5AA6F2A71B54D1FA0006D6B3 /* Settings.swift */,
			);
			path = Settings;
			sourceTree = "<group>";
		};
		5AE83EF01B57584300B3C650 /* Fonts */ = {
			isa = PBXGroup;
			children = (
				4B2CD2E61B5609720040BEEA /* PrintBold.otf */,
				4B2CD2E71B5609720040BEEA /* PrintDashed.otf */,
				4B2CD2E81B5609720040BEEA /* PrintClearly.otf */,
			);
			name = Fonts;
			sourceTree = "<group>";
		};
		5AFC93711B65E74000C34193 /* Review */ = {
			isa = PBXGroup;
			children = (
				5AFC93731B65E75A00C34193 /* ReviewProtocol.swift */,
				5AFC93721B65E75A00C34193 /* Review.swift */,
			);
			name = Review;
			sourceTree = "<group>";
		};
/* End PBXGroup section */

/* Begin PBXNativeTarget section */
		4BCE29E21B2E76F400B74DCA /* Check */ = {
			isa = PBXNativeTarget;
			buildConfigurationList = 4BCE2A051B2E76F400B74DCA /* Build configuration list for PBXNativeTarget "Check" */;
			buildPhases = (
				4BCE29DF1B2E76F400B74DCA /* Sources */,
				4BCE29E01B2E76F400B74DCA /* Frameworks */,
				4BCE29E11B2E76F400B74DCA /* Resources */,
			);
			buildRules = (
			);
			dependencies = (
			);
			name = Check;
			productName = summerproject;
			productReference = 4BCE29E31B2E76F400B74DCA /* Check.app */;
			productType = "com.apple.product-type.application";
		};
		5A414F721B5CAFC10060C8E2 /* Check_Library_Tests */ = {
			isa = PBXNativeTarget;
			buildConfigurationList = 5A414F7D1B5CAFC10060C8E2 /* Build configuration list for PBXNativeTarget "Check_Library_Tests" */;
			buildPhases = (
				5A414F6F1B5CAFC10060C8E2 /* Sources */,
				5A414F701B5CAFC10060C8E2 /* Frameworks */,
				5A414F711B5CAFC10060C8E2 /* Resources */,
			);
			buildRules = (
			);
			dependencies = (
				5A414F7A1B5CAFC10060C8E2 /* PBXTargetDependency */,
			);
			name = Check_Library_Tests;
			productName = Check_Library_Tests;
			productReference = 5A414F731B5CAFC10060C8E2 /* Check_Library_Tests.xctest */;
			productType = "com.apple.product-type.bundle.unit-test";
		};
		5A414F811B5CB1CA0060C8E2 /* Check_Application_Tests */ = {
			isa = PBXNativeTarget;
			buildConfigurationList = 5A414F8A1B5CB1CA0060C8E2 /* Build configuration list for PBXNativeTarget "Check_Application_Tests" */;
			buildPhases = (
				5A414F7E1B5CB1CA0060C8E2 /* Sources */,
				5A414F7F1B5CB1CA0060C8E2 /* Frameworks */,
				5A414F801B5CB1CA0060C8E2 /* Resources */,
			);
			buildRules = (
			);
			dependencies = (
				5A414F891B5CB1CA0060C8E2 /* PBXTargetDependency */,
			);
			name = Check_Application_Tests;
			productName = Check_Application_Tests;
			productReference = 5A414F821B5CB1CA0060C8E2 /* Check_Application_Tests.xctest */;
			productType = "com.apple.product-type.bundle.unit-test";
		};
/* End PBXNativeTarget section */

/* Begin PBXProject section */
		4BCE29DB1B2E76F300B74DCA /* Project object */ = {
			isa = PBXProject;
			attributes = {
				LastUpgradeCheck = 0630;
				ORGANIZATIONNAME = "Stanford University";
				TargetAttributes = {
					4BCE29E21B2E76F400B74DCA = {
						CreatedOnToolsVersion = 6.3.2;
					};
					5A414F721B5CAFC10060C8E2 = {
						CreatedOnToolsVersion = 6.4;
						TestTargetID = 4BCE29E21B2E76F400B74DCA;
					};
					5A414F811B5CB1CA0060C8E2 = {
						CreatedOnToolsVersion = 6.4;
						TestTargetID = 4BCE29E21B2E76F400B74DCA;
					};
				};
			};
			buildConfigurationList = 4BCE29DE1B2E76F400B74DCA /* Build configuration list for PBXProject "Check" */;
			compatibilityVersion = "Xcode 3.2";
			developmentRegion = English;
			hasScannedForEncodings = 0;
			knownRegions = (
				en,
				Base,
			);
			mainGroup = 4BCE29DA1B2E76F300B74DCA;
			productRefGroup = 4BCE29E41B2E76F400B74DCA /* Products */;
			projectDirPath = "";
			projectRoot = "";
			targets = (
				4BCE29E21B2E76F400B74DCA /* Check */,
				5A414F721B5CAFC10060C8E2 /* Check_Library_Tests */,
				5A414F811B5CB1CA0060C8E2 /* Check_Application_Tests */,
			);
		};
/* End PBXProject section */

/* Begin PBXResourcesBuildPhase section */
		4BCE29E11B2E76F400B74DCA /* Resources */ = {
			isa = PBXResourcesBuildPhase;
			buildActionMask = 2147483647;
			files = (
				4B46F0231B5B5C3900573A1F /* Main.storyboard in Resources */,
				4BCE29F31B2E76F400B74DCA /* Images.xcassets in Resources */,
			);
			runOnlyForDeploymentPostprocessing = 0;
		};
		5A414F711B5CAFC10060C8E2 /* Resources */ = {
			isa = PBXResourcesBuildPhase;
			buildActionMask = 2147483647;
			files = (
			);
			runOnlyForDeploymentPostprocessing = 0;
		};
		5A414F801B5CB1CA0060C8E2 /* Resources */ = {
			isa = PBXResourcesBuildPhase;
			buildActionMask = 2147483647;
			files = (
			);
			runOnlyForDeploymentPostprocessing = 0;
		};
/* End PBXResourcesBuildPhase section */

/* Begin PBXSourcesBuildPhase section */
		4BCE29DF1B2E76F400B74DCA /* Sources */ = {
			isa = PBXSourcesBuildPhase;
			buildActionMask = 2147483647;
			files = (
				4B5F58011B6881A100B473BD /* RatingBaseViewController.swift in Sources */,
				4B46F0241B5B5C4B00573A1F /* Main.storyboard in Sources */,
				4B269A711B672B2F00FAFFDE /* ReviewTableViewCell.swift in Sources */,
				5AA6F2B11B54D1FA0006D6B3 /* SettingsProtocol.swift in Sources */,
				4B269A6F1B672B1700FAFFDE /* ReviewsTableViewController.swift in Sources */,
				5AA6F2AC1B54D1FA0006D6B3 /* Profile.swift in Sources */,
				4B0F818C1B54C1670077A371 /* MenuViewController.swift in Sources */,
				5AA6F2AD1B54D1FA0006D6B3 /* ProfileProtocol.swift in Sources */,
				4B0F81721B54A9B40077A371 /* SettingsTableViewController.swift in Sources */,
				5A6E566E1B5372E3006438BC /* LoginViewController.swift in Sources */,
				4B5F57FD1B68776C00B473BD /* RatingViewController.swift in Sources */,
				5AFC93741B65E75A00C34193 /* Review.swift in Sources */,
				4B0F81701B54A97D0077A371 /* ProfileViewController.swift in Sources */,
				4B0F81811B54AFBA0077A371 /* HomeTableViewCell.swift in Sources */,
				4B8A2FB41B5C551A00085940 /* TutorialViewController.swift in Sources */,
				5A6642FC1B5C35EF005F5FCB /* ParseHandlerProtocol.swift in Sources */,
				4BCE29EC1B2E76F400B74DCA /* summerproject.xcdatamodeld in Sources */,
				5AFC93751B65E75A00C34193 /* ReviewProtocol.swift in Sources */,
				4B8A2FB61B5C743800085940 /* PageViewController.swift in Sources */,
				4B0F81851B54B8B80077A371 /* HomeTableViewController.swift in Sources */,
				4B0F81831B54B18B0077A371 /* CustomNavigationController.swift in Sources */,
				5A6642FE1B5C361D005F5FCB /* ParseHandler.swift in Sources */,
				5A063FD61B69D4C5006F74BC /* FacebookProfileProtocol.swift in Sources */,
				4BCE29E91B2E76F400B74DCA /* AppDelegate.swift in Sources */,
				4B2CD2E51B56067A0040BEEA /* SideBarViewController.swift in Sources */,
				5AA6F2B01B54D1FA0006D6B3 /* Settings.swift in Sources */,
				5A063FD81B69D54F006F74BC /* FacebookProfile.swift in Sources */,
			);
			runOnlyForDeploymentPostprocessing = 0;
		};
		5A414F6F1B5CAFC10060C8E2 /* Sources */ = {
			isa = PBXSourcesBuildPhase;
			buildActionMask = 2147483647;
			files = (
				5ABF46201B5E0168004A0E8E /* ProfilePictureTests.swift in Sources */,
				5ABF461C1B5E00F6004A0E8E /* UserProfileTests.swift in Sources */,
				5A414F781B5CAFC10060C8E2 /* Check_Library_Tests.swift in Sources */,
				5ABF461E1B5E0145004A0E8E /* ReviewTests.swift in Sources */,
			);
			runOnlyForDeploymentPostprocessing = 0;
		};
		5A414F7E1B5CB1CA0060C8E2 /* Sources */ = {
			isa = PBXSourcesBuildPhase;
			buildActionMask = 2147483647;
			files = (
				5A414F871B5CB1CA0060C8E2 /* Check_Application_Tests.swift in Sources */,
			);
			runOnlyForDeploymentPostprocessing = 0;
		};
/* End PBXSourcesBuildPhase section */

/* Begin PBXTargetDependency section */
		5A414F7A1B5CAFC10060C8E2 /* PBXTargetDependency */ = {
			isa = PBXTargetDependency;
			target = 4BCE29E21B2E76F400B74DCA /* Check */;
			targetProxy = 5A414F791B5CAFC10060C8E2 /* PBXContainerItemProxy */;
		};
		5A414F891B5CB1CA0060C8E2 /* PBXTargetDependency */ = {
			isa = PBXTargetDependency;
			target = 4BCE29E21B2E76F400B74DCA /* Check */;
			targetProxy = 5A414F881B5CB1CA0060C8E2 /* PBXContainerItemProxy */;
		};
/* End PBXTargetDependency section */

/* Begin PBXVariantGroup section */
		4BCE29F41B2E76F400B74DCA /* LaunchScreen.xib */ = {
			isa = PBXVariantGroup;
			children = (
				4BCE29F51B2E76F400B74DCA /* Base */,
			);
			name = LaunchScreen.xib;
			sourceTree = "<group>";
		};
/* End PBXVariantGroup section */

/* Begin XCBuildConfiguration section */
		4BCE2A031B2E76F400B74DCA /* Debug */ = {
			isa = XCBuildConfiguration;
			buildSettings = {
				ALWAYS_SEARCH_USER_PATHS = NO;
				CLANG_CXX_LANGUAGE_STANDARD = "gnu++0x";
				CLANG_CXX_LIBRARY = "libc++";
				CLANG_ENABLE_MODULES = YES;
				CLANG_ENABLE_OBJC_ARC = YES;
				CLANG_WARN_BOOL_CONVERSION = YES;
				CLANG_WARN_CONSTANT_CONVERSION = YES;
				CLANG_WARN_DIRECT_OBJC_ISA_USAGE = YES_ERROR;
				CLANG_WARN_EMPTY_BODY = YES;
				CLANG_WARN_ENUM_CONVERSION = YES;
				CLANG_WARN_INT_CONVERSION = YES;
				CLANG_WARN_OBJC_ROOT_CLASS = YES_ERROR;
				CLANG_WARN_UNREACHABLE_CODE = YES;
				CLANG_WARN__DUPLICATE_METHOD_MATCH = YES;
				"CODE_SIGN_IDENTITY[sdk=iphoneos*]" = "iPhone Developer";
				COPY_PHASE_STRIP = NO;
				DEBUG_INFORMATION_FORMAT = "dwarf-with-dsym";
				ENABLE_STRICT_OBJC_MSGSEND = YES;
				GCC_C_LANGUAGE_STANDARD = gnu99;
				GCC_DYNAMIC_NO_PIC = NO;
				GCC_NO_COMMON_BLOCKS = YES;
				GCC_OPTIMIZATION_LEVEL = 0;
				GCC_PREPROCESSOR_DEFINITIONS = (
					"DEBUG=1",
					"$(inherited)",
				);
				GCC_SYMBOLS_PRIVATE_EXTERN = NO;
				GCC_WARN_64_TO_32_BIT_CONVERSION = YES;
				GCC_WARN_ABOUT_RETURN_TYPE = YES_ERROR;
				GCC_WARN_UNDECLARED_SELECTOR = YES;
				GCC_WARN_UNINITIALIZED_AUTOS = YES_AGGRESSIVE;
				GCC_WARN_UNUSED_FUNCTION = YES;
				GCC_WARN_UNUSED_VARIABLE = YES;
				IPHONEOS_DEPLOYMENT_TARGET = 8.3;
				MTL_ENABLE_DEBUG_INFO = YES;
				ONLY_ACTIVE_ARCH = YES;
				SDKROOT = iphoneos;
				SWIFT_OPTIMIZATION_LEVEL = "-Onone";
				TARGETED_DEVICE_FAMILY = "1,2";
			};
			name = Debug;
		};
		4BCE2A041B2E76F400B74DCA /* Release */ = {
			isa = XCBuildConfiguration;
			buildSettings = {
				ALWAYS_SEARCH_USER_PATHS = NO;
				CLANG_CXX_LANGUAGE_STANDARD = "gnu++0x";
				CLANG_CXX_LIBRARY = "libc++";
				CLANG_ENABLE_MODULES = YES;
				CLANG_ENABLE_OBJC_ARC = YES;
				CLANG_WARN_BOOL_CONVERSION = YES;
				CLANG_WARN_CONSTANT_CONVERSION = YES;
				CLANG_WARN_DIRECT_OBJC_ISA_USAGE = YES_ERROR;
				CLANG_WARN_EMPTY_BODY = YES;
				CLANG_WARN_ENUM_CONVERSION = YES;
				CLANG_WARN_INT_CONVERSION = YES;
				CLANG_WARN_OBJC_ROOT_CLASS = YES_ERROR;
				CLANG_WARN_UNREACHABLE_CODE = YES;
				CLANG_WARN__DUPLICATE_METHOD_MATCH = YES;
				"CODE_SIGN_IDENTITY[sdk=iphoneos*]" = "iPhone Developer";
				COPY_PHASE_STRIP = NO;
				DEBUG_INFORMATION_FORMAT = "dwarf-with-dsym";
				ENABLE_NS_ASSERTIONS = NO;
				ENABLE_STRICT_OBJC_MSGSEND = YES;
				GCC_C_LANGUAGE_STANDARD = gnu99;
				GCC_NO_COMMON_BLOCKS = YES;
				GCC_WARN_64_TO_32_BIT_CONVERSION = YES;
				GCC_WARN_ABOUT_RETURN_TYPE = YES_ERROR;
				GCC_WARN_UNDECLARED_SELECTOR = YES;
				GCC_WARN_UNINITIALIZED_AUTOS = YES_AGGRESSIVE;
				GCC_WARN_UNUSED_FUNCTION = YES;
				GCC_WARN_UNUSED_VARIABLE = YES;
				IPHONEOS_DEPLOYMENT_TARGET = 8.3;
				MTL_ENABLE_DEBUG_INFO = NO;
				SDKROOT = iphoneos;
				TARGETED_DEVICE_FAMILY = "1,2";
				VALIDATE_PRODUCT = YES;
			};
			name = Release;
		};
		4BCE2A061B2E76F400B74DCA /* Debug */ = {
			isa = XCBuildConfiguration;
			buildSettings = {
				ASSETCATALOG_COMPILER_APPICON_NAME = AppIcon;
				CLANG_ENABLE_MODULES = YES;
				DEFINES_MODULE = NO;
				FRAMEWORK_SEARCH_PATHS = (
					"$(inherited)",
					"$(PROJECT_DIR)",
					"/Users/0xalate/Documents/parse-library-1.7.5",
				);
				INFOPLIST_FILE = summerproject/Info.plist;
				LD_RUNPATH_SEARCH_PATHS = "$(inherited) @executable_path/Frameworks";
				PRODUCT_NAME = Check;
				SWIFT_OBJC_BRIDGING_HEADER = "summerproject/Controllers/summerproject-Bridging-Header.h";
				SWIFT_OPTIMIZATION_LEVEL = "-Onone";
			};
			name = Debug;
		};
		4BCE2A071B2E76F400B74DCA /* Release */ = {
			isa = XCBuildConfiguration;
			buildSettings = {
				ASSETCATALOG_COMPILER_APPICON_NAME = AppIcon;
				CLANG_ENABLE_MODULES = YES;
				DEFINES_MODULE = NO;
				FRAMEWORK_SEARCH_PATHS = (
					"$(inherited)",
					"$(PROJECT_DIR)",
					"/Users/0xalate/Documents/parse-library-1.7.5",
				);
				INFOPLIST_FILE = summerproject/Info.plist;
				LD_RUNPATH_SEARCH_PATHS = "$(inherited) @executable_path/Frameworks";
				PRODUCT_NAME = Check;
				SWIFT_OBJC_BRIDGING_HEADER = "summerproject/Controllers/summerproject-Bridging-Header.h";
			};
			name = Release;
		};
		5A414F7B1B5CAFC10060C8E2 /* Debug */ = {
			isa = XCBuildConfiguration;
			buildSettings = {
				BUNDLE_LOADER = "$(TEST_HOST)";
				FRAMEWORK_SEARCH_PATHS = (
					"$(SDKROOT)/Developer/Library/Frameworks",
					"$(inherited)",
				);
				GCC_PREPROCESSOR_DEFINITIONS = (
					"DEBUG=1",
					"$(inherited)",
				);
				INFOPLIST_FILE = Check_Library_Tests/Info.plist;
				IPHONEOS_DEPLOYMENT_TARGET = 8.4;
				LD_RUNPATH_SEARCH_PATHS = "$(inherited) @executable_path/Frameworks @loader_path/Frameworks";
				PRODUCT_NAME = "$(TARGET_NAME)";
				TEST_HOST = "$(BUILT_PRODUCTS_DIR)/Check.app/Check";
			};
			name = Debug;
		};
		5A414F7C1B5CAFC10060C8E2 /* Release */ = {
			isa = XCBuildConfiguration;
			buildSettings = {
				BUNDLE_LOADER = "$(TEST_HOST)";
				FRAMEWORK_SEARCH_PATHS = (
					"$(SDKROOT)/Developer/Library/Frameworks",
					"$(inherited)",
				);
				INFOPLIST_FILE = Check_Library_Tests/Info.plist;
				IPHONEOS_DEPLOYMENT_TARGET = 8.4;
				LD_RUNPATH_SEARCH_PATHS = "$(inherited) @executable_path/Frameworks @loader_path/Frameworks";
				PRODUCT_NAME = "$(TARGET_NAME)";
				TEST_HOST = "$(BUILT_PRODUCTS_DIR)/Check.app/Check";
			};
			name = Release;
		};
		5A414F8B1B5CB1CA0060C8E2 /* Debug */ = {
			isa = XCBuildConfiguration;
			buildSettings = {
				BUNDLE_LOADER = "$(TEST_HOST)";
				FRAMEWORK_SEARCH_PATHS = (
					"$(SDKROOT)/Developer/Library/Frameworks",
					"$(inherited)",
				);
				GCC_PREPROCESSOR_DEFINITIONS = (
					"DEBUG=1",
					"$(inherited)",
				);
				INFOPLIST_FILE = Check_Application_Tests/Info.plist;
				IPHONEOS_DEPLOYMENT_TARGET = 8.4;
				LD_RUNPATH_SEARCH_PATHS = "$(inherited) @executable_path/Frameworks @loader_path/Frameworks";
				PRODUCT_NAME = "$(TARGET_NAME)";
				TEST_HOST = "$(BUILT_PRODUCTS_DIR)/Check.app/Check";
			};
			name = Debug;
		};
		5A414F8C1B5CB1CA0060C8E2 /* Release */ = {
			isa = XCBuildConfiguration;
			buildSettings = {
				BUNDLE_LOADER = "$(TEST_HOST)";
				FRAMEWORK_SEARCH_PATHS = (
					"$(SDKROOT)/Developer/Library/Frameworks",
					"$(inherited)",
				);
				INFOPLIST_FILE = Check_Application_Tests/Info.plist;
				IPHONEOS_DEPLOYMENT_TARGET = 8.4;
				LD_RUNPATH_SEARCH_PATHS = "$(inherited) @executable_path/Frameworks @loader_path/Frameworks";
				PRODUCT_NAME = "$(TARGET_NAME)";
				TEST_HOST = "$(BUILT_PRODUCTS_DIR)/Check.app/Check";
			};
			name = Release;
		};
/* End XCBuildConfiguration section */

/* Begin XCConfigurationList section */
		4BCE29DE1B2E76F400B74DCA /* Build configuration list for PBXProject "Check" */ = {
			isa = XCConfigurationList;
			buildConfigurations = (
				4BCE2A031B2E76F400B74DCA /* Debug */,
				4BCE2A041B2E76F400B74DCA /* Release */,
			);
			defaultConfigurationIsVisible = 0;
			defaultConfigurationName = Release;
		};
		4BCE2A051B2E76F400B74DCA /* Build configuration list for PBXNativeTarget "Check" */ = {
			isa = XCConfigurationList;
			buildConfigurations = (
				4BCE2A061B2E76F400B74DCA /* Debug */,
				4BCE2A071B2E76F400B74DCA /* Release */,
			);
			defaultConfigurationIsVisible = 0;
			defaultConfigurationName = Release;
		};
		5A414F7D1B5CAFC10060C8E2 /* Build configuration list for PBXNativeTarget "Check_Library_Tests" */ = {
			isa = XCConfigurationList;
			buildConfigurations = (
				5A414F7B1B5CAFC10060C8E2 /* Debug */,
				5A414F7C1B5CAFC10060C8E2 /* Release */,
			);
			defaultConfigurationIsVisible = 0;
			defaultConfigurationName = Release;
		};
		5A414F8A1B5CB1CA0060C8E2 /* Build configuration list for PBXNativeTarget "Check_Application_Tests" */ = {
			isa = XCConfigurationList;
			buildConfigurations = (
				5A414F8B1B5CB1CA0060C8E2 /* Debug */,
				5A414F8C1B5CB1CA0060C8E2 /* Release */,
			);
			defaultConfigurationIsVisible = 0;
			defaultConfigurationName = Release;
		};
/* End XCConfigurationList section */

/* Begin XCVersionGroup section */
		4BCE29EA1B2E76F400B74DCA /* summerproject.xcdatamodeld */ = {
			isa = XCVersionGroup;
			children = (
				4BCE29EB1B2E76F400B74DCA /* summerproject.xcdatamodel */,
			);
			currentVersion = 4BCE29EB1B2E76F400B74DCA /* summerproject.xcdatamodel */;
			path = summerproject.xcdatamodeld;
			sourceTree = "<group>";
			versionGroupType = wrapper.xcdatamodel;
		};
/* End XCVersionGroup section */
	};
	rootObject = 4BCE29DB1B2E76F300B74DCA /* Project object */;
}
